// !$*UTF8*$!
{
	archiveVersion = 1;
	classes = {
	};
	objectVersion = 56;
	objects = {

/* Begin PBXBuildFile section */
		4505408D29F1038A002A9DBD /* EssentialFeed.h in Headers */ = {isa = PBXBuildFile; fileRef = 4505408C29F1038A002A9DBD /* EssentialFeed.h */; settings = {ATTRIBUTES = (Public, ); }; };
		4505409629F10529002A9DBD /* FeedStore.swift in Sources */ = {isa = PBXBuildFile; fileRef = 4523080929BDE595004C3F1C /* FeedStore.swift */; };
		4505409729F10537002A9DBD /* CoreDataFeedStore.swift in Sources */ = {isa = PBXBuildFile; fileRef = 45F4851C29D83AE400F62439 /* CoreDataFeedStore.swift */; };
		4505409829F10543002A9DBD /* ManagedFeedImage.swift in Sources */ = {isa = PBXBuildFile; fileRef = 45F4852629D85BAA00F62439 /* ManagedFeedImage.swift */; };
		4505409929F10543002A9DBD /* ManagedCache.swift in Sources */ = {isa = PBXBuildFile; fileRef = 45F4852429D85B7600F62439 /* ManagedCache.swift */; };
		4505409A29F10543002A9DBD /* CoreData+Helpers.swift in Sources */ = {isa = PBXBuildFile; fileRef = 45F4852229D85B1D00F62439 /* CoreData+Helpers.swift */; };
		4505409B29F10543002A9DBD /* LocalFeedLoader.swift in Sources */ = {isa = PBXBuildFile; fileRef = 4523080729BDE58A004C3F1C /* LocalFeedLoader.swift */; };
		4505409C29F1058D002A9DBD /* LocalFeedImage.swift in Sources */ = {isa = PBXBuildFile; fileRef = 4523080D29BDF16F004C3F1C /* LocalFeedImage.swift */; };
		4505409D29F1058D002A9DBD /* FeedCachePolicy.swift in Sources */ = {isa = PBXBuildFile; fileRef = 45F484FD29C435EE00F62439 /* FeedCachePolicy.swift */; };
		4505409F29F10592002A9DBD /* FeedItemsMapper.swift in Sources */ = {isa = PBXBuildFile; fileRef = 45C77C0829AA55E10069F6D1 /* FeedItemsMapper.swift */; };
		450540A029F10592002A9DBD /* URLSessionHTTPClient.swift in Sources */ = {isa = PBXBuildFile; fileRef = 45683D5F29ADD0F100862628 /* URLSessionHTTPClient.swift */; };
		450540A229F10592002A9DBD /* HTTPClient.swift in Sources */ = {isa = PBXBuildFile; fileRef = 45C77C0629AA559A0069F6D1 /* HTTPClient.swift */; };
		450540A429F1059E002A9DBD /* FeedItem.swift in Sources */ = {isa = PBXBuildFile; fileRef = 45C77BFF29AA1FD60069F6D1 /* FeedItem.swift */; };
		450540A529F105A1002A9DBD /* NetworkingModule.xcdatamodeld in Sources */ = {isa = PBXBuildFile; fileRef = 45F4851E29D8422E00F62439 /* NetworkingModule.xcdatamodeld */; };
		4523081029BF1382004C3F1C /* LoadFeedFromCacheUseCaseTests.swift in Sources */ = {isa = PBXBuildFile; fileRef = 4523080F29BF1382004C3F1C /* LoadFeedFromCacheUseCaseTests.swift */; };
		4523081229BF140A004C3F1C /* FeedStoreSpy.swift in Sources */ = {isa = PBXBuildFile; fileRef = 4523081129BF140A004C3F1C /* FeedStoreSpy.swift */; };
		4525350A2A39AC5B00DB5044 /* FeedCache.swift in Sources */ = {isa = PBXBuildFile; fileRef = 452535092A39AC5B00DB5044 /* FeedCache.swift */; };
		452535142A39B94400DB5044 /* FeedImageDataCache.swift in Sources */ = {isa = PBXBuildFile; fileRef = 452535132A39B94400DB5044 /* FeedImageDataCache.swift */; };
		4525352C2A3C5FEF00DB5044 /* FeedSnapshotTests.swift in Sources */ = {isa = PBXBuildFile; fileRef = 4525352B2A3C5FEF00DB5044 /* FeedSnapshotTests.swift */; };
		4525352F2A3C7D1700DB5044 /* UIImage+TestHelpers.swift in Sources */ = {isa = PBXBuildFile; fileRef = 4525352E2A3C7D1700DB5044 /* UIImage+TestHelpers.swift */; };
		452535312A3C7DBD00DB5044 /* UITableView+HeaderSizing.swift in Sources */ = {isa = PBXBuildFile; fileRef = 452535302A3C7DBD00DB5044 /* UITableView+HeaderSizing.swift */; };
		452535332A3C820300DB5044 /* UIViewController+TestHelpers.swift in Sources */ = {isa = PBXBuildFile; fileRef = 452535322A3C820300DB5044 /* UIViewController+TestHelpers.swift */; };
		452535352A3C824B00DB5044 /* XCTestCase+Snapshot.swift in Sources */ = {isa = PBXBuildFile; fileRef = 452535342A3C824B00DB5044 /* XCTestCase+Snapshot.swift */; };
		452FCBF92A336C2A00B2FA15 /* FeedImageDataStore.swift in Sources */ = {isa = PBXBuildFile; fileRef = 452FCBF82A336C2A00B2FA15 /* FeedImageDataStore.swift */; };
		452FCBFB2A336C5100B2FA15 /* LocalFeedImageDataLoader.swift in Sources */ = {isa = PBXBuildFile; fileRef = 452FCBFA2A336C5100B2FA15 /* LocalFeedImageDataLoader.swift */; };
		452FCBFD2A336CE100B2FA15 /* CoreDataFeedStore+FeedImageDataLoader.swift in Sources */ = {isa = PBXBuildFile; fileRef = 452FCBFC2A336CE100B2FA15 /* CoreDataFeedStore+FeedImageDataLoader.swift */; };
		452FCBFF2A336D2000B2FA15 /* CoreDataFeedStore+FeedStore.swift in Sources */ = {isa = PBXBuildFile; fileRef = 452FCBFE2A336D2000B2FA15 /* CoreDataFeedStore+FeedStore.swift */; };
		452FCC012A336FA800B2FA15 /* CacheFeedImageDataUseCaseTests.swift in Sources */ = {isa = PBXBuildFile; fileRef = 452FCC002A336FA800B2FA15 /* CacheFeedImageDataUseCaseTests.swift */; };
		452FCC032A336FCA00B2FA15 /* CoreDataFeedImageDataStoreTests.swift in Sources */ = {isa = PBXBuildFile; fileRef = 452FCC022A336FCA00B2FA15 /* CoreDataFeedImageDataStoreTests.swift */; };
		452FCC052A336FFC00B2FA15 /* FeedImageDataStoreSpy.swift in Sources */ = {isa = PBXBuildFile; fileRef = 452FCC042A336FFC00B2FA15 /* FeedImageDataStoreSpy.swift */; };
		452FCC072A33700F00B2FA15 /* LoadFeedImageDataFromCacheUseCaseTests.swift in Sources */ = {isa = PBXBuildFile; fileRef = 452FCC062A33700F00B2FA15 /* LoadFeedImageDataFromCacheUseCaseTests.swift */; };
		4530DD0429BB201100EF8028 /* CacheFeedUseCaseTests.swift in Sources */ = {isa = PBXBuildFile; fileRef = 4530DD0329BB201100EF8028 /* CacheFeedUseCaseTests.swift */; };
		455D5DF029F2879C00967145 /* EssentialFeed.framework in Frameworks */ = {isa = PBXBuildFile; fileRef = 4505408A29F10389002A9DBD /* EssentialFeed.framework */; platformFilter = ios; };
		455D5DF129F2879C00967145 /* EssentialFeed.framework in Embed Frameworks */ = {isa = PBXBuildFile; fileRef = 4505408A29F10389002A9DBD /* EssentialFeed.framework */; platformFilter = ios; settings = {ATTRIBUTES = (CodeSignOnCopy, RemoveHeadersOnCopy, ); }; };
		455D5DF529F28CFD00967145 /* XCTestCase+MemoryLeakTracker.swift in Sources */ = {isa = PBXBuildFile; fileRef = 45683D5D29ADC2D200862628 /* XCTestCase+MemoryLeakTracker.swift */; };
		455D5DF729F29A3E00967145 /* FeedViewController.swift in Sources */ = {isa = PBXBuildFile; fileRef = 455D5DF629F29A3E00967145 /* FeedViewController.swift */; };
		45683D5E29ADC2D200862628 /* XCTestCase+MemoryLeakTracker.swift in Sources */ = {isa = PBXBuildFile; fileRef = 45683D5D29ADC2D200862628 /* XCTestCase+MemoryLeakTracker.swift */; };
		4570B7BE29AF137200DB9EC7 /* EssentialFeedAPIEndToEndTests.swift in Sources */ = {isa = PBXBuildFile; fileRef = 4570B7BD29AF137200DB9EC7 /* EssentialFeedAPIEndToEndTests.swift */; };
		4570B7C429AF1A5500DB9EC7 /* XCTestCase+MemoryLeakTracker.swift in Sources */ = {isa = PBXBuildFile; fileRef = 45683D5D29ADC2D200862628 /* XCTestCase+MemoryLeakTracker.swift */; };
		458F881D29FD086600AF90A7 /* FeedPresenterTests.swift in Sources */ = {isa = PBXBuildFile; fileRef = 458F881C29FD086600AF90A7 /* FeedPresenterTests.swift */; };
		458FBCEC29FE7384009BD481 /* ErrorView.swift in Sources */ = {isa = PBXBuildFile; fileRef = 458FBCEB29FE7384009BD481 /* ErrorView.swift */; };
		458FBCF529FE8077009BD481 /* FeedPresenter.swift in Sources */ = {isa = PBXBuildFile; fileRef = 458FBCF429FE8077009BD481 /* FeedPresenter.swift */; };
		458FBCF729FE80B4009BD481 /* FeedErrorViewModel.swift in Sources */ = {isa = PBXBuildFile; fileRef = 458FBCF629FE80B4009BD481 /* FeedErrorViewModel.swift */; };
		458FBCF929FE80BB009BD481 /* FeedLoadingViewModel.swift in Sources */ = {isa = PBXBuildFile; fileRef = 458FBCF829FE80BB009BD481 /* FeedLoadingViewModel.swift */; };
		458FBCFB29FE80C1009BD481 /* FeedViewModel.swift in Sources */ = {isa = PBXBuildFile; fileRef = 458FBCFA29FE80C1009BD481 /* FeedViewModel.swift */; };
		458FBCFC29FE811A009BD481 /* Feed.strings in Resources */ = {isa = PBXBuildFile; fileRef = 458FBCF129FE7F61009BD481 /* Feed.strings */; };
		458FBCFF29FE82D6009BD481 /* FeedLocalizationTests.swift in Sources */ = {isa = PBXBuildFile; fileRef = 45945BF529FA608800FACCD3 /* FeedLocalizationTests.swift */; };
		458FBD0129FE8635009BD481 /* FeedImagePresenterTests.swift in Sources */ = {isa = PBXBuildFile; fileRef = 458FBD0029FE8635009BD481 /* FeedImagePresenterTests.swift */; };
		458FBD0329FE94AA009BD481 /* FeedImagePresenter.swift in Sources */ = {isa = PBXBuildFile; fileRef = 458FBD0229FE94AA009BD481 /* FeedImagePresenter.swift */; };
		458FBD0529FE94B2009BD481 /* FeedImageViewModel.swift in Sources */ = {isa = PBXBuildFile; fileRef = 458FBD0429FE94B2009BD481 /* FeedImageViewModel.swift */; };
		45945BE729FA40EF00FACCD3 /* UITableView+Dequeueing.swift in Sources */ = {isa = PBXBuildFile; fileRef = 45945BE629FA40EF00FACCD3 /* UITableView+Dequeueing.swift */; };
		45945BE929FA413000FACCD3 /* UIImageView+Animations.swift in Sources */ = {isa = PBXBuildFile; fileRef = 45945BE829FA413000FACCD3 /* UIImageView+Animations.swift */; };
		45C77C0E29AC7D9F0069F6D1 /* URLSessionHTTPClientTests.swift in Sources */ = {isa = PBXBuildFile; fileRef = 45C77C0D29AC7D9F0069F6D1 /* URLSessionHTTPClientTests.swift */; };
		45D48B652A33638300825D64 /* FeedImageDataLoader.swift in Sources */ = {isa = PBXBuildFile; fileRef = BBF7B80629F59BDD005126F9 /* FeedImageDataLoader.swift */; };
		45D48B6B2A3366D400825D64 /* Response+StatusCode.swift in Sources */ = {isa = PBXBuildFile; fileRef = 45D48B6A2A3366D400825D64 /* Response+StatusCode.swift */; };
		45D48B6D2A33675900825D64 /* HTTPClientSpy.swift in Sources */ = {isa = PBXBuildFile; fileRef = 45D48B6C2A33675900825D64 /* HTTPClientSpy.swift */; };
		45D48B6F2A33679F00825D64 /* URLProtocolStub.swift in Sources */ = {isa = PBXBuildFile; fileRef = 45D48B6E2A33679F00825D64 /* URLProtocolStub.swift */; };
		45D641272A8E5148003E5A29 /* ImageCommentsMapper.swift in Sources */ = {isa = PBXBuildFile; fileRef = 45D641262A8E5148003E5A29 /* ImageCommentsMapper.swift */; };
		45D6412B2A8E51D0003E5A29 /* ImageCommentsMapperTests.swift in Sources */ = {isa = PBXBuildFile; fileRef = 45D6412A2A8E51D0003E5A29 /* ImageCommentsMapperTests.swift */; };
		45D6412E2A8F8E53003E5A29 /* ImageComment.swift in Sources */ = {isa = PBXBuildFile; fileRef = 45D6412D2A8F8E53003E5A29 /* ImageComment.swift */; };
		45D6413C2A8F9622003E5A29 /* FeedItemsMapperTests.swift in Sources */ = {isa = PBXBuildFile; fileRef = 45D6413B2A8F9622003E5A29 /* FeedItemsMapperTests.swift */; };
		45D6413E2A8FA81E003E5A29 /* FeedImageDataMapper.swift in Sources */ = {isa = PBXBuildFile; fileRef = 45D6413D2A8FA81E003E5A29 /* FeedImageDataMapper.swift */; };
		45D641402A8FA83C003E5A29 /* FeedImageDataMapperTests.swift in Sources */ = {isa = PBXBuildFile; fileRef = 45D6413F2A8FA83C003E5A29 /* FeedImageDataMapperTests.swift */; };
		45E2DC5729F1297B008C1EB9 /* EssentialFeediOS.framework in Frameworks */ = {isa = PBXBuildFile; fileRef = 45E2DC4F29F1297A008C1EB9 /* EssentialFeediOS.framework */; };
		45F4850829CB2D5F00F62439 /* FeedStoreSpecs.swift in Sources */ = {isa = PBXBuildFile; fileRef = 45F4850729CB2D5F00F62439 /* FeedStoreSpecs.swift */; };
		45F4850A29CB2E5700F62439 /* XCTestCase+FeedStoreSpecs.swift in Sources */ = {isa = PBXBuildFile; fileRef = 45F4850929CB2E5700F62439 /* XCTestCase+FeedStoreSpecs.swift */; };
		45F4851B29D83A6900F62439 /* CoreDataFeedStoreTests.swift in Sources */ = {isa = PBXBuildFile; fileRef = 45F4851A29D83A6900F62439 /* CoreDataFeedStoreTests.swift */; };
		45F4852F29D8639300F62439 /* NetworkingModuleCacheIntegrationTests.swift in Sources */ = {isa = PBXBuildFile; fileRef = 45F4852E29D8639300F62439 /* NetworkingModuleCacheIntegrationTests.swift */; };
		45F4853529D8651700F62439 /* XCTestCase+MemoryLeakTracker.swift in Sources */ = {isa = PBXBuildFile; fileRef = 45683D5D29ADC2D200862628 /* XCTestCase+MemoryLeakTracker.swift */; };
		45F4853629D865BD00F62439 /* FeedCacheTestHelpers.swift in Sources */ = {isa = PBXBuildFile; fileRef = BBA609E729C22A55004C6AB3 /* FeedCacheTestHelpers.swift */; };
		45F4853729D865C800F62439 /* SharedTestHelpers.swift in Sources */ = {isa = PBXBuildFile; fileRef = BBA609E929C22ABF004C6AB3 /* SharedTestHelpers.swift */; };
		BBA609E529C2279C004C6AB3 /* ValidateFeedCacheUseCaseTests.swift in Sources */ = {isa = PBXBuildFile; fileRef = BBA609E429C2279C004C6AB3 /* ValidateFeedCacheUseCaseTests.swift */; };
		BBA609E829C22A55004C6AB3 /* FeedCacheTestHelpers.swift in Sources */ = {isa = PBXBuildFile; fileRef = BBA609E729C22A55004C6AB3 /* FeedCacheTestHelpers.swift */; };
		BBA609EA29C22ABF004C6AB3 /* SharedTestHelpers.swift in Sources */ = {isa = PBXBuildFile; fileRef = BBA609E929C22ABF004C6AB3 /* SharedTestHelpers.swift */; };
		BBB1962729F56A0A00B8971B /* FeedImageCell.swift in Sources */ = {isa = PBXBuildFile; fileRef = BBB1962629F56A0A00B8971B /* FeedImageCell.swift */; };
		BBF7B80129F57A6A005126F9 /* UIView+Shimiring.swift in Sources */ = {isa = PBXBuildFile; fileRef = BBF7B80029F57A6A005126F9 /* UIView+Shimiring.swift */; };
		BBF7B80929F5A4C7005126F9 /* FeedRefreshViewController.swift in Sources */ = {isa = PBXBuildFile; fileRef = BBF7B80829F5A4C7005126F9 /* FeedRefreshViewController.swift */; };
		BBF7B80B29F5A6B7005126F9 /* FeedImageCellController.swift in Sources */ = {isa = PBXBuildFile; fileRef = BBF7B80A29F5A6B7005126F9 /* FeedImageCellController.swift */; };
/* End PBXBuildFile section */

/* Begin PBXContainerItemProxy section */
		455D5DF229F2879C00967145 /* PBXContainerItemProxy */ = {
			isa = PBXContainerItemProxy;
			containerPortal = 455A8E6A299BBCD400F06136 /* Project object */;
			proxyType = 1;
			remoteGlobalIDString = 4505408929F10389002A9DBD;
			remoteInfo = EssentialFeed;
		};
		45E2DC5829F1297B008C1EB9 /* PBXContainerItemProxy */ = {
			isa = PBXContainerItemProxy;
			containerPortal = 455A8E6A299BBCD400F06136 /* Project object */;
			proxyType = 1;
			remoteGlobalIDString = 45E2DC4E29F1297A008C1EB9;
			remoteInfo = EssentialFeediOS;
		};
/* End PBXContainerItemProxy section */

/* Begin PBXCopyFilesBuildPhase section */
		455D5DF429F2879C00967145 /* Embed Frameworks */ = {
			isa = PBXCopyFilesBuildPhase;
			buildActionMask = 2147483647;
			dstPath = "";
			dstSubfolderSpec = 10;
			files = (
				455D5DF129F2879C00967145 /* EssentialFeed.framework in Embed Frameworks */,
			);
			name = "Embed Frameworks";
			runOnlyForDeploymentPostprocessing = 0;
		};
/* End PBXCopyFilesBuildPhase section */

/* Begin PBXFileReference section */
		4505408A29F10389002A9DBD /* EssentialFeed.framework */ = {isa = PBXFileReference; explicitFileType = wrapper.framework; includeInIndex = 0; path = EssentialFeed.framework; sourceTree = BUILT_PRODUCTS_DIR; };
		4505408C29F1038A002A9DBD /* EssentialFeed.h */ = {isa = PBXFileReference; lastKnownFileType = sourcecode.c.h; path = EssentialFeed.h; sourceTree = "<group>"; };
		4523080729BDE58A004C3F1C /* LocalFeedLoader.swift */ = {isa = PBXFileReference; lastKnownFileType = sourcecode.swift; path = LocalFeedLoader.swift; sourceTree = "<group>"; };
		4523080929BDE595004C3F1C /* FeedStore.swift */ = {isa = PBXFileReference; lastKnownFileType = sourcecode.swift; path = FeedStore.swift; sourceTree = "<group>"; };
		4523080D29BDF16F004C3F1C /* LocalFeedImage.swift */ = {isa = PBXFileReference; lastKnownFileType = sourcecode.swift; path = LocalFeedImage.swift; sourceTree = "<group>"; };
		4523080F29BF1382004C3F1C /* LoadFeedFromCacheUseCaseTests.swift */ = {isa = PBXFileReference; lastKnownFileType = sourcecode.swift; path = LoadFeedFromCacheUseCaseTests.swift; sourceTree = "<group>"; };
		4523081129BF140A004C3F1C /* FeedStoreSpy.swift */ = {isa = PBXFileReference; lastKnownFileType = sourcecode.swift; path = FeedStoreSpy.swift; sourceTree = "<group>"; };
		452535092A39AC5B00DB5044 /* FeedCache.swift */ = {isa = PBXFileReference; lastKnownFileType = sourcecode.swift; path = FeedCache.swift; sourceTree = "<group>"; };
		452535132A39B94400DB5044 /* FeedImageDataCache.swift */ = {isa = PBXFileReference; lastKnownFileType = sourcecode.swift; path = FeedImageDataCache.swift; sourceTree = "<group>"; };
		4525352B2A3C5FEF00DB5044 /* FeedSnapshotTests.swift */ = {isa = PBXFileReference; lastKnownFileType = sourcecode.swift; path = FeedSnapshotTests.swift; sourceTree = "<group>"; };
		4525352E2A3C7D1700DB5044 /* UIImage+TestHelpers.swift */ = {isa = PBXFileReference; lastKnownFileType = sourcecode.swift; path = "UIImage+TestHelpers.swift"; sourceTree = "<group>"; };
		452535302A3C7DBD00DB5044 /* UITableView+HeaderSizing.swift */ = {isa = PBXFileReference; lastKnownFileType = sourcecode.swift; path = "UITableView+HeaderSizing.swift"; sourceTree = "<group>"; };
		452535322A3C820300DB5044 /* UIViewController+TestHelpers.swift */ = {isa = PBXFileReference; lastKnownFileType = sourcecode.swift; path = "UIViewController+TestHelpers.swift"; sourceTree = "<group>"; };
		452535342A3C824B00DB5044 /* XCTestCase+Snapshot.swift */ = {isa = PBXFileReference; lastKnownFileType = sourcecode.swift; path = "XCTestCase+Snapshot.swift"; sourceTree = "<group>"; };
		452FCBF82A336C2A00B2FA15 /* FeedImageDataStore.swift */ = {isa = PBXFileReference; lastKnownFileType = sourcecode.swift; path = FeedImageDataStore.swift; sourceTree = "<group>"; };
		452FCBFA2A336C5100B2FA15 /* LocalFeedImageDataLoader.swift */ = {isa = PBXFileReference; lastKnownFileType = sourcecode.swift; path = LocalFeedImageDataLoader.swift; sourceTree = "<group>"; };
		452FCBFC2A336CE100B2FA15 /* CoreDataFeedStore+FeedImageDataLoader.swift */ = {isa = PBXFileReference; lastKnownFileType = sourcecode.swift; path = "CoreDataFeedStore+FeedImageDataLoader.swift"; sourceTree = "<group>"; };
		452FCBFE2A336D2000B2FA15 /* CoreDataFeedStore+FeedStore.swift */ = {isa = PBXFileReference; lastKnownFileType = sourcecode.swift; path = "CoreDataFeedStore+FeedStore.swift"; sourceTree = "<group>"; };
		452FCC002A336FA800B2FA15 /* CacheFeedImageDataUseCaseTests.swift */ = {isa = PBXFileReference; lastKnownFileType = sourcecode.swift; path = CacheFeedImageDataUseCaseTests.swift; sourceTree = "<group>"; };
		452FCC022A336FCA00B2FA15 /* CoreDataFeedImageDataStoreTests.swift */ = {isa = PBXFileReference; lastKnownFileType = sourcecode.swift; path = CoreDataFeedImageDataStoreTests.swift; sourceTree = "<group>"; };
		452FCC042A336FFC00B2FA15 /* FeedImageDataStoreSpy.swift */ = {isa = PBXFileReference; lastKnownFileType = sourcecode.swift; path = FeedImageDataStoreSpy.swift; sourceTree = "<group>"; };
		452FCC062A33700F00B2FA15 /* LoadFeedImageDataFromCacheUseCaseTests.swift */ = {isa = PBXFileReference; lastKnownFileType = sourcecode.swift; path = LoadFeedImageDataFromCacheUseCaseTests.swift; sourceTree = "<group>"; };
		4530DD0329BB201100EF8028 /* CacheFeedUseCaseTests.swift */ = {isa = PBXFileReference; lastKnownFileType = sourcecode.swift; path = CacheFeedUseCaseTests.swift; sourceTree = "<group>"; };
		455A8E7E299BBCD500F06136 /* NetworkingModule.entitlements */ = {isa = PBXFileReference; lastKnownFileType = text.plist.entitlements; path = NetworkingModule.entitlements; sourceTree = "<group>"; };
		455A8E83299BBCD500F06136 /* EssentialFeedTests.xctest */ = {isa = PBXFileReference; explicitFileType = wrapper.cfbundle; includeInIndex = 0; path = EssentialFeedTests.xctest; sourceTree = BUILT_PRODUCTS_DIR; };
		455D5DF629F29A3E00967145 /* FeedViewController.swift */ = {isa = PBXFileReference; lastKnownFileType = sourcecode.swift; path = FeedViewController.swift; sourceTree = "<group>"; };
		45683D5D29ADC2D200862628 /* XCTestCase+MemoryLeakTracker.swift */ = {isa = PBXFileReference; lastKnownFileType = sourcecode.swift; path = "XCTestCase+MemoryLeakTracker.swift"; sourceTree = "<group>"; };
		45683D5F29ADD0F100862628 /* URLSessionHTTPClient.swift */ = {isa = PBXFileReference; lastKnownFileType = sourcecode.swift; path = URLSessionHTTPClient.swift; sourceTree = "<group>"; };
		4570B7BB29AF137200DB9EC7 /* EssentialFeedAPIEndToEndTests.xctest */ = {isa = PBXFileReference; explicitFileType = wrapper.cfbundle; includeInIndex = 0; path = EssentialFeedAPIEndToEndTests.xctest; sourceTree = BUILT_PRODUCTS_DIR; };
		4570B7BD29AF137200DB9EC7 /* EssentialFeedAPIEndToEndTests.swift */ = {isa = PBXFileReference; lastKnownFileType = sourcecode.swift; path = EssentialFeedAPIEndToEndTests.swift; sourceTree = "<group>"; };
		458F881C29FD086600AF90A7 /* FeedPresenterTests.swift */ = {isa = PBXFileReference; lastKnownFileType = sourcecode.swift; path = FeedPresenterTests.swift; sourceTree = "<group>"; };
		458FBCEB29FE7384009BD481 /* ErrorView.swift */ = {isa = PBXFileReference; lastKnownFileType = sourcecode.swift; path = ErrorView.swift; sourceTree = "<group>"; };
		458FBCF029FE7F61009BD481 /* en */ = {isa = PBXFileReference; lastKnownFileType = text.plist.strings; name = en; path = en.lproj/Feed.strings; sourceTree = "<group>"; };
		458FBCF229FE7F63009BD481 /* ru */ = {isa = PBXFileReference; lastKnownFileType = text.plist.strings; name = ru; path = ru.lproj/Feed.strings; sourceTree = "<group>"; };
		458FBCF429FE8077009BD481 /* FeedPresenter.swift */ = {isa = PBXFileReference; lastKnownFileType = sourcecode.swift; path = FeedPresenter.swift; sourceTree = "<group>"; };
		458FBCF629FE80B4009BD481 /* FeedErrorViewModel.swift */ = {isa = PBXFileReference; lastKnownFileType = sourcecode.swift; path = FeedErrorViewModel.swift; sourceTree = "<group>"; };
		458FBCF829FE80BB009BD481 /* FeedLoadingViewModel.swift */ = {isa = PBXFileReference; lastKnownFileType = sourcecode.swift; path = FeedLoadingViewModel.swift; sourceTree = "<group>"; };
		458FBCFA29FE80C1009BD481 /* FeedViewModel.swift */ = {isa = PBXFileReference; lastKnownFileType = sourcecode.swift; path = FeedViewModel.swift; sourceTree = "<group>"; };
		458FBD0029FE8635009BD481 /* FeedImagePresenterTests.swift */ = {isa = PBXFileReference; lastKnownFileType = sourcecode.swift; path = FeedImagePresenterTests.swift; sourceTree = "<group>"; };
		458FBD0229FE94AA009BD481 /* FeedImagePresenter.swift */ = {isa = PBXFileReference; lastKnownFileType = sourcecode.swift; path = FeedImagePresenter.swift; sourceTree = "<group>"; };
		458FBD0429FE94B2009BD481 /* FeedImageViewModel.swift */ = {isa = PBXFileReference; lastKnownFileType = sourcecode.swift; path = FeedImageViewModel.swift; sourceTree = "<group>"; };
		45945BE629FA40EF00FACCD3 /* UITableView+Dequeueing.swift */ = {isa = PBXFileReference; lastKnownFileType = sourcecode.swift; path = "UITableView+Dequeueing.swift"; sourceTree = "<group>"; };
		45945BE829FA413000FACCD3 /* UIImageView+Animations.swift */ = {isa = PBXFileReference; lastKnownFileType = sourcecode.swift; path = "UIImageView+Animations.swift"; sourceTree = "<group>"; };
		45945BF529FA608800FACCD3 /* FeedLocalizationTests.swift */ = {isa = PBXFileReference; lastKnownFileType = sourcecode.swift; path = FeedLocalizationTests.swift; sourceTree = "<group>"; };
		45C77BFF29AA1FD60069F6D1 /* FeedItem.swift */ = {isa = PBXFileReference; lastKnownFileType = sourcecode.swift; path = FeedItem.swift; sourceTree = "<group>"; };
		45C77C0629AA559A0069F6D1 /* HTTPClient.swift */ = {isa = PBXFileReference; lastKnownFileType = sourcecode.swift; path = HTTPClient.swift; sourceTree = "<group>"; };
		45C77C0829AA55E10069F6D1 /* FeedItemsMapper.swift */ = {isa = PBXFileReference; lastKnownFileType = sourcecode.swift; path = FeedItemsMapper.swift; sourceTree = "<group>"; };
		45C77C0D29AC7D9F0069F6D1 /* URLSessionHTTPClientTests.swift */ = {isa = PBXFileReference; lastKnownFileType = sourcecode.swift; path = URLSessionHTTPClientTests.swift; sourceTree = "<group>"; };
		45D48B6A2A3366D400825D64 /* Response+StatusCode.swift */ = {isa = PBXFileReference; lastKnownFileType = sourcecode.swift; path = "Response+StatusCode.swift"; sourceTree = "<group>"; };
		45D48B6C2A33675900825D64 /* HTTPClientSpy.swift */ = {isa = PBXFileReference; lastKnownFileType = sourcecode.swift; path = HTTPClientSpy.swift; sourceTree = "<group>"; };
		45D48B6E2A33679F00825D64 /* URLProtocolStub.swift */ = {isa = PBXFileReference; lastKnownFileType = sourcecode.swift; path = URLProtocolStub.swift; sourceTree = "<group>"; };
		45D641262A8E5148003E5A29 /* ImageCommentsMapper.swift */ = {isa = PBXFileReference; lastKnownFileType = sourcecode.swift; path = ImageCommentsMapper.swift; sourceTree = "<group>"; };
		45D6412A2A8E51D0003E5A29 /* ImageCommentsMapperTests.swift */ = {isa = PBXFileReference; lastKnownFileType = sourcecode.swift; path = ImageCommentsMapperTests.swift; sourceTree = "<group>"; };
		45D6412D2A8F8E53003E5A29 /* ImageComment.swift */ = {isa = PBXFileReference; lastKnownFileType = sourcecode.swift; path = ImageComment.swift; sourceTree = "<group>"; };
		45D6413B2A8F9622003E5A29 /* FeedItemsMapperTests.swift */ = {isa = PBXFileReference; lastKnownFileType = sourcecode.swift; path = FeedItemsMapperTests.swift; sourceTree = "<group>"; };
		45D6413D2A8FA81E003E5A29 /* FeedImageDataMapper.swift */ = {isa = PBXFileReference; lastKnownFileType = sourcecode.swift; path = FeedImageDataMapper.swift; sourceTree = "<group>"; };
		45D6413F2A8FA83C003E5A29 /* FeedImageDataMapperTests.swift */ = {isa = PBXFileReference; lastKnownFileType = sourcecode.swift; path = FeedImageDataMapperTests.swift; sourceTree = "<group>"; };
		45E2DC4F29F1297A008C1EB9 /* EssentialFeediOS.framework */ = {isa = PBXFileReference; explicitFileType = wrapper.framework; includeInIndex = 0; path = EssentialFeediOS.framework; sourceTree = BUILT_PRODUCTS_DIR; };
		45E2DC5629F1297B008C1EB9 /* EssentialFeediOSTests.xctest */ = {isa = PBXFileReference; explicitFileType = wrapper.cfbundle; includeInIndex = 0; path = EssentialFeediOSTests.xctest; sourceTree = BUILT_PRODUCTS_DIR; };
		45E2DC6429F12C61008C1EB9 /* EssentialFeediOSTests-Bridging-Header.h */ = {isa = PBXFileReference; lastKnownFileType = sourcecode.c.h; path = "EssentialFeediOSTests-Bridging-Header.h"; sourceTree = "<group>"; };
		45F484FD29C435EE00F62439 /* FeedCachePolicy.swift */ = {isa = PBXFileReference; lastKnownFileType = sourcecode.swift; path = FeedCachePolicy.swift; sourceTree = "<group>"; };
		45F4850729CB2D5F00F62439 /* FeedStoreSpecs.swift */ = {isa = PBXFileReference; lastKnownFileType = sourcecode.swift; path = FeedStoreSpecs.swift; sourceTree = "<group>"; };
		45F4850929CB2E5700F62439 /* XCTestCase+FeedStoreSpecs.swift */ = {isa = PBXFileReference; lastKnownFileType = sourcecode.swift; path = "XCTestCase+FeedStoreSpecs.swift"; sourceTree = "<group>"; };
		45F4851A29D83A6900F62439 /* CoreDataFeedStoreTests.swift */ = {isa = PBXFileReference; lastKnownFileType = sourcecode.swift; path = CoreDataFeedStoreTests.swift; sourceTree = "<group>"; };
		45F4851C29D83AE400F62439 /* CoreDataFeedStore.swift */ = {isa = PBXFileReference; lastKnownFileType = sourcecode.swift; path = CoreDataFeedStore.swift; sourceTree = "<group>"; };
		45F4851F29D8422E00F62439 /* NetworkingModule.xcdatamodel */ = {isa = PBXFileReference; lastKnownFileType = wrapper.xcdatamodel; path = NetworkingModule.xcdatamodel; sourceTree = "<group>"; };
		45F4852229D85B1D00F62439 /* CoreData+Helpers.swift */ = {isa = PBXFileReference; lastKnownFileType = sourcecode.swift; path = "CoreData+Helpers.swift"; sourceTree = "<group>"; };
		45F4852429D85B7600F62439 /* ManagedCache.swift */ = {isa = PBXFileReference; lastKnownFileType = sourcecode.swift; path = ManagedCache.swift; sourceTree = "<group>"; };
		45F4852629D85BAA00F62439 /* ManagedFeedImage.swift */ = {isa = PBXFileReference; lastKnownFileType = sourcecode.swift; path = ManagedFeedImage.swift; sourceTree = "<group>"; };
		45F4852C29D8639300F62439 /* EssentialFeedCacheIntegrationTests.xctest */ = {isa = PBXFileReference; explicitFileType = wrapper.cfbundle; includeInIndex = 0; path = EssentialFeedCacheIntegrationTests.xctest; sourceTree = BUILT_PRODUCTS_DIR; };
		45F4852E29D8639300F62439 /* NetworkingModuleCacheIntegrationTests.swift */ = {isa = PBXFileReference; lastKnownFileType = sourcecode.swift; path = NetworkingModuleCacheIntegrationTests.swift; sourceTree = "<group>"; };
		BBA609E429C2279C004C6AB3 /* ValidateFeedCacheUseCaseTests.swift */ = {isa = PBXFileReference; lastKnownFileType = sourcecode.swift; path = ValidateFeedCacheUseCaseTests.swift; sourceTree = "<group>"; };
		BBA609E729C22A55004C6AB3 /* FeedCacheTestHelpers.swift */ = {isa = PBXFileReference; lastKnownFileType = sourcecode.swift; path = FeedCacheTestHelpers.swift; sourceTree = "<group>"; };
		BBA609E929C22ABF004C6AB3 /* SharedTestHelpers.swift */ = {isa = PBXFileReference; lastKnownFileType = sourcecode.swift; path = SharedTestHelpers.swift; sourceTree = "<group>"; };
		BBB1962629F56A0A00B8971B /* FeedImageCell.swift */ = {isa = PBXFileReference; lastKnownFileType = sourcecode.swift; path = FeedImageCell.swift; sourceTree = "<group>"; };
		BBF7B80029F57A6A005126F9 /* UIView+Shimiring.swift */ = {isa = PBXFileReference; lastKnownFileType = sourcecode.swift; path = "UIView+Shimiring.swift"; sourceTree = "<group>"; };
		BBF7B80629F59BDD005126F9 /* FeedImageDataLoader.swift */ = {isa = PBXFileReference; lastKnownFileType = sourcecode.swift; path = FeedImageDataLoader.swift; sourceTree = "<group>"; };
		BBF7B80829F5A4C7005126F9 /* FeedRefreshViewController.swift */ = {isa = PBXFileReference; lastKnownFileType = sourcecode.swift; path = FeedRefreshViewController.swift; sourceTree = "<group>"; };
		BBF7B80A29F5A6B7005126F9 /* FeedImageCellController.swift */ = {isa = PBXFileReference; lastKnownFileType = sourcecode.swift; path = FeedImageCellController.swift; sourceTree = "<group>"; };
/* End PBXFileReference section */

/* Begin PBXFrameworksBuildPhase section */
		4505408729F10389002A9DBD /* Frameworks */ = {
			isa = PBXFrameworksBuildPhase;
			buildActionMask = 2147483647;
			files = (
			);
			runOnlyForDeploymentPostprocessing = 0;
		};
		455A8E80299BBCD500F06136 /* Frameworks */ = {
			isa = PBXFrameworksBuildPhase;
			buildActionMask = 2147483647;
			files = (
			);
			runOnlyForDeploymentPostprocessing = 0;
		};
		4570B7B829AF137200DB9EC7 /* Frameworks */ = {
			isa = PBXFrameworksBuildPhase;
			buildActionMask = 2147483647;
			files = (
			);
			runOnlyForDeploymentPostprocessing = 0;
		};
		45E2DC4C29F1297A008C1EB9 /* Frameworks */ = {
			isa = PBXFrameworksBuildPhase;
			buildActionMask = 2147483647;
			files = (
				455D5DF029F2879C00967145 /* EssentialFeed.framework in Frameworks */,
			);
			runOnlyForDeploymentPostprocessing = 0;
		};
		45E2DC5329F1297B008C1EB9 /* Frameworks */ = {
			isa = PBXFrameworksBuildPhase;
			buildActionMask = 2147483647;
			files = (
				45E2DC5729F1297B008C1EB9 /* EssentialFeediOS.framework in Frameworks */,
			);
			runOnlyForDeploymentPostprocessing = 0;
		};
		45F4852929D8639300F62439 /* Frameworks */ = {
			isa = PBXFrameworksBuildPhase;
			buildActionMask = 2147483647;
			files = (
			);
			runOnlyForDeploymentPostprocessing = 0;
		};
/* End PBXFrameworksBuildPhase section */

/* Begin PBXGroup section */
		4505408B29F1038A002A9DBD /* EssentialFeed */ = {
			isa = PBXGroup;
			children = (
				45D641352A8F91EB003E5A29 /* Image Comments API */,
				45D641312A8F9103003E5A29 /* Shared API Infra */,
				45D6412F2A8F90F0003E5A29 /* Shared API */,
				45D6412C2A8F8E44003E5A29 /* Image Comments Feature */,
				458FBCF329FE8069009BD481 /* Feed Presentation */,
				4523080629BDE555004C3F1C /* Feed Cache */,
				45C77C0329AA2AB00069F6D1 /* Feed API */,
				455A8E7E299BBCD500F06136 /* NetworkingModule.entitlements */,
				45C77BFB29AA1F860069F6D1 /* Feed Feature */,
				4505408C29F1038A002A9DBD /* EssentialFeed.h */,
			);
			path = EssentialFeed;
			sourceTree = "<group>";
		};
		4523080629BDE555004C3F1C /* Feed Cache */ = {
			isa = PBXGroup;
			children = (
				45F4852129D85B0F00F62439 /* CoreData */,
				4523080729BDE58A004C3F1C /* LocalFeedLoader.swift */,
				4523080929BDE595004C3F1C /* FeedStore.swift */,
				4523080D29BDF16F004C3F1C /* LocalFeedImage.swift */,
				45F484FD29C435EE00F62439 /* FeedCachePolicy.swift */,
				452FCBF82A336C2A00B2FA15 /* FeedImageDataStore.swift */,
				452FCBFA2A336C5100B2FA15 /* LocalFeedImageDataLoader.swift */,
			);
			path = "Feed Cache";
			sourceTree = "<group>";
		};
		4525352D2A3C7CFD00DB5044 /* Helpers */ = {
			isa = PBXGroup;
			children = (
				4525352E2A3C7D1700DB5044 /* UIImage+TestHelpers.swift */,
				452535322A3C820300DB5044 /* UIViewController+TestHelpers.swift */,
				452535342A3C824B00DB5044 /* XCTestCase+Snapshot.swift */,
			);
			path = Helpers;
			sourceTree = "<group>";
		};
		4530DD0229BB1FD400EF8028 /* Feed Cache */ = {
			isa = PBXGroup;
			children = (
				BBA609E629C22A21004C6AB3 /* Helpers */,
				4530DD0329BB201100EF8028 /* CacheFeedUseCaseTests.swift */,
				BBA609E429C2279C004C6AB3 /* ValidateFeedCacheUseCaseTests.swift */,
				4523080F29BF1382004C3F1C /* LoadFeedFromCacheUseCaseTests.swift */,
				45F4850729CB2D5F00F62439 /* FeedStoreSpecs.swift */,
				45F4850929CB2E5700F62439 /* XCTestCase+FeedStoreSpecs.swift */,
				45F4851A29D83A6900F62439 /* CoreDataFeedStoreTests.swift */,
				452FCC002A336FA800B2FA15 /* CacheFeedImageDataUseCaseTests.swift */,
				452FCC022A336FCA00B2FA15 /* CoreDataFeedImageDataStoreTests.swift */,
				452FCC062A33700F00B2FA15 /* LoadFeedImageDataFromCacheUseCaseTests.swift */,
			);
			path = "Feed Cache";
			sourceTree = "<group>";
		};
		455A8E69299BBCD400F06136 = {
			isa = PBXGroup;
			children = (
				4505408B29F1038A002A9DBD /* EssentialFeed */,
				455A8E86299BBCD500F06136 /* EssentialFeedTests */,
				4570B7BC29AF137200DB9EC7 /* EssentialFeedAPIEndToEndTests */,
				45F4852D29D8639300F62439 /* EssentialFeedCacheIntegrationTests */,
				45E2DC5029F1297A008C1EB9 /* EssentialFeediOS */,
				45E2DC5A29F1297B008C1EB9 /* EssentialFeediOSTests */,
				455A8E73299BBCD400F06136 /* Products */,
				455D5DEF29F2879C00967145 /* Frameworks */,
			);
			sourceTree = "<group>";
		};
		455A8E73299BBCD400F06136 /* Products */ = {
			isa = PBXGroup;
			children = (
				455A8E83299BBCD500F06136 /* EssentialFeedTests.xctest */,
				4570B7BB29AF137200DB9EC7 /* EssentialFeedAPIEndToEndTests.xctest */,
				45F4852C29D8639300F62439 /* EssentialFeedCacheIntegrationTests.xctest */,
				4505408A29F10389002A9DBD /* EssentialFeed.framework */,
				45E2DC4F29F1297A008C1EB9 /* EssentialFeediOS.framework */,
				45E2DC5629F1297B008C1EB9 /* EssentialFeediOSTests.xctest */,
			);
			name = Products;
			sourceTree = "<group>";
		};
		455A8E86299BBCD500F06136 /* EssentialFeedTests */ = {
			isa = PBXGroup;
			children = (
				45D641362A8F9200003E5A29 /* Image Comments API */,
				45D641332A8F9142003E5A29 /* Shared API Infra */,
				45D641322A8F913A003E5A29 /* Shared API */,
				458F881929FD080B00AF90A7 /* Feed Presentaion */,
				45683D5C29ADC28900862628 /* Helpers */,
				4530DD0229BB1FD400EF8028 /* Feed Cache */,
				45C77C0A29AA5CE50069F6D1 /* Feed API */,
			);
			path = EssentialFeedTests;
			sourceTree = "<group>";
		};
		455D5DEF29F2879C00967145 /* Frameworks */ = {
			isa = PBXGroup;
			children = (
			);
			name = Frameworks;
			sourceTree = "<group>";
		};
		45683D5C29ADC28900862628 /* Helpers */ = {
			isa = PBXGroup;
			children = (
				45683D5D29ADC2D200862628 /* XCTestCase+MemoryLeakTracker.swift */,
				BBA609E929C22ABF004C6AB3 /* SharedTestHelpers.swift */,
			);
			path = Helpers;
			sourceTree = "<group>";
		};
		4570B7BC29AF137200DB9EC7 /* EssentialFeedAPIEndToEndTests */ = {
			isa = PBXGroup;
			children = (
				4570B7BD29AF137200DB9EC7 /* EssentialFeedAPIEndToEndTests.swift */,
			);
			path = EssentialFeedAPIEndToEndTests;
			sourceTree = "<group>";
		};
		458F881929FD080B00AF90A7 /* Feed Presentaion */ = {
			isa = PBXGroup;
			children = (
				458F881C29FD086600AF90A7 /* FeedPresenterTests.swift */,
				45945BF529FA608800FACCD3 /* FeedLocalizationTests.swift */,
				458FBD0029FE8635009BD481 /* FeedImagePresenterTests.swift */,
			);
			path = "Feed Presentaion";
			sourceTree = "<group>";
		};
		458FBCF329FE8069009BD481 /* Feed Presentation */ = {
			isa = PBXGroup;
			children = (
				458FBCF429FE8077009BD481 /* FeedPresenter.swift */,
				458FBCF629FE80B4009BD481 /* FeedErrorViewModel.swift */,
				458FBCF829FE80BB009BD481 /* FeedLoadingViewModel.swift */,
				458FBCFA29FE80C1009BD481 /* FeedViewModel.swift */,
				458FBCF129FE7F61009BD481 /* Feed.strings */,
				458FBD0229FE94AA009BD481 /* FeedImagePresenter.swift */,
				458FBD0429FE94B2009BD481 /* FeedImageViewModel.swift */,
			);
			path = "Feed Presentation";
			sourceTree = "<group>";
		};
		45C77BFB29AA1F860069F6D1 /* Feed Feature */ = {
			isa = PBXGroup;
			children = (
				45C77BFF29AA1FD60069F6D1 /* FeedItem.swift */,
				BBF7B80629F59BDD005126F9 /* FeedImageDataLoader.swift */,
				452535092A39AC5B00DB5044 /* FeedCache.swift */,
				452535132A39B94400DB5044 /* FeedImageDataCache.swift */,
			);
			path = "Feed Feature";
			sourceTree = "<group>";
		};
		45C77C0329AA2AB00069F6D1 /* Feed API */ = {
			isa = PBXGroup;
			children = (
				45C77C0829AA55E10069F6D1 /* FeedItemsMapper.swift */,
				45D48B6A2A3366D400825D64 /* Response+StatusCode.swift */,
				45D6413D2A8FA81E003E5A29 /* FeedImageDataMapper.swift */,
			);
			path = "Feed API";
			sourceTree = "<group>";
		};
		45C77C0A29AA5CE50069F6D1 /* Feed API */ = {
			isa = PBXGroup;
			children = (
				45D6413B2A8F9622003E5A29 /* FeedItemsMapperTests.swift */,
				45D6413F2A8FA83C003E5A29 /* FeedImageDataMapperTests.swift */,
			);
			path = "Feed API";
			sourceTree = "<group>";
		};
		45D6412C2A8F8E44003E5A29 /* Image Comments Feature */ = {
			isa = PBXGroup;
			children = (
				45D6412D2A8F8E53003E5A29 /* ImageComment.swift */,
			);
			path = "Image Comments Feature";
			sourceTree = "<group>";
		};
		45D6412F2A8F90F0003E5A29 /* Shared API */ = {
			isa = PBXGroup;
			children = (
				45C77C0629AA559A0069F6D1 /* HTTPClient.swift */,
			);
			path = "Shared API";
			sourceTree = "<group>";
		};
		45D641312A8F9103003E5A29 /* Shared API Infra */ = {
			isa = PBXGroup;
			children = (
				45683D5F29ADD0F100862628 /* URLSessionHTTPClient.swift */,
			);
			path = "Shared API Infra";
			sourceTree = "<group>";
		};
		45D641322A8F913A003E5A29 /* Shared API */ = {
			isa = PBXGroup;
			children = (
				45D48B6C2A33675900825D64 /* HTTPClientSpy.swift */,
			);
			path = "Shared API";
			sourceTree = "<group>";
		};
		45D641332A8F9142003E5A29 /* Shared API Infra */ = {
			isa = PBXGroup;
			children = (
				45D641342A8F9160003E5A29 /* Helpers */,
				45C77C0D29AC7D9F0069F6D1 /* URLSessionHTTPClientTests.swift */,
			);
			path = "Shared API Infra";
			sourceTree = "<group>";
		};
		45D641342A8F9160003E5A29 /* Helpers */ = {
			isa = PBXGroup;
			children = (
				45D48B6E2A33679F00825D64 /* URLProtocolStub.swift */,
			);
			path = Helpers;
			sourceTree = "<group>";
		};
		45D641352A8F91EB003E5A29 /* Image Comments API */ = {
			isa = PBXGroup;
			children = (
				45D641262A8E5148003E5A29 /* ImageCommentsMapper.swift */,
			);
			path = "Image Comments API";
			sourceTree = "<group>";
		};
		45D641362A8F9200003E5A29 /* Image Comments API */ = {
			isa = PBXGroup;
			children = (
				45D6412A2A8E51D0003E5A29 /* ImageCommentsMapperTests.swift */,
			);
			path = "Image Comments API";
			sourceTree = "<group>";
		};
		45E2DC5029F1297A008C1EB9 /* EssentialFeediOS */ = {
			isa = PBXGroup;
			children = (
				BBF7B80229F59B7E005126F9 /* Feed UI */,
			);
			path = EssentialFeediOS;
			sourceTree = "<group>";
		};
		45E2DC5A29F1297B008C1EB9 /* EssentialFeediOSTests */ = {
			isa = PBXGroup;
			children = (
				4525352D2A3C7CFD00DB5044 /* Helpers */,
				45E2DC6429F12C61008C1EB9 /* EssentialFeediOSTests-Bridging-Header.h */,
				4525352B2A3C5FEF00DB5044 /* FeedSnapshotTests.swift */,
			);
			path = EssentialFeediOSTests;
			sourceTree = "<group>";
		};
		45F4852129D85B0F00F62439 /* CoreData */ = {
			isa = PBXGroup;
			children = (
				452FCBFC2A336CE100B2FA15 /* CoreDataFeedStore+FeedImageDataLoader.swift */,
				45F4851C29D83AE400F62439 /* CoreDataFeedStore.swift */,
				45F4852229D85B1D00F62439 /* CoreData+Helpers.swift */,
				45F4852429D85B7600F62439 /* ManagedCache.swift */,
				45F4852629D85BAA00F62439 /* ManagedFeedImage.swift */,
				452FCBFE2A336D2000B2FA15 /* CoreDataFeedStore+FeedStore.swift */,
				45F4851E29D8422E00F62439 /* NetworkingModule.xcdatamodeld */,
			);
			path = CoreData;
			sourceTree = "<group>";
		};
		45F4852D29D8639300F62439 /* EssentialFeedCacheIntegrationTests */ = {
			isa = PBXGroup;
			children = (
				45F4852E29D8639300F62439 /* NetworkingModuleCacheIntegrationTests.swift */,
			);
			path = EssentialFeedCacheIntegrationTests;
			sourceTree = "<group>";
		};
		BBA609E629C22A21004C6AB3 /* Helpers */ = {
			isa = PBXGroup;
			children = (
				4523081129BF140A004C3F1C /* FeedStoreSpy.swift */,
				BBA609E729C22A55004C6AB3 /* FeedCacheTestHelpers.swift */,
				452FCC042A336FFC00B2FA15 /* FeedImageDataStoreSpy.swift */,
			);
			path = Helpers;
			sourceTree = "<group>";
		};
		BBF7B80229F59B7E005126F9 /* Feed UI */ = {
			isa = PBXGroup;
			children = (
				BBF7B80529F59B9E005126F9 /* Views */,
				BBF7B80429F59B98005126F9 /* Controllers */,
			);
			path = "Feed UI";
			sourceTree = "<group>";
		};
		BBF7B80429F59B98005126F9 /* Controllers */ = {
			isa = PBXGroup;
			children = (
				455D5DF629F29A3E00967145 /* FeedViewController.swift */,
				BBF7B80829F5A4C7005126F9 /* FeedRefreshViewController.swift */,
				BBF7B80A29F5A6B7005126F9 /* FeedImageCellController.swift */,
			);
			path = Controllers;
			sourceTree = "<group>";
		};
		BBF7B80529F59B9E005126F9 /* Views */ = {
			isa = PBXGroup;
			children = (
				BBB1962629F56A0A00B8971B /* FeedImageCell.swift */,
				BBF7B80029F57A6A005126F9 /* UIView+Shimiring.swift */,
				45945BE629FA40EF00FACCD3 /* UITableView+Dequeueing.swift */,
				45945BE829FA413000FACCD3 /* UIImageView+Animations.swift */,
				458FBCEB29FE7384009BD481 /* ErrorView.swift */,
				452535302A3C7DBD00DB5044 /* UITableView+HeaderSizing.swift */,
			);
			path = Views;
			sourceTree = "<group>";
		};
/* End PBXGroup section */

/* Begin PBXHeadersBuildPhase section */
		4505408529F10389002A9DBD /* Headers */ = {
			isa = PBXHeadersBuildPhase;
			buildActionMask = 2147483647;
			files = (
				4505408D29F1038A002A9DBD /* EssentialFeed.h in Headers */,
			);
			runOnlyForDeploymentPostprocessing = 0;
		};
		45E2DC4A29F1297A008C1EB9 /* Headers */ = {
			isa = PBXHeadersBuildPhase;
			buildActionMask = 2147483647;
			files = (
			);
			runOnlyForDeploymentPostprocessing = 0;
		};
/* End PBXHeadersBuildPhase section */

/* Begin PBXNativeTarget section */
		4505408929F10389002A9DBD /* EssentialFeed */ = {
			isa = PBXNativeTarget;
			buildConfigurationList = 4505409229F1038A002A9DBD /* Build configuration list for PBXNativeTarget "EssentialFeed" */;
			buildPhases = (
				4505408529F10389002A9DBD /* Headers */,
				4505408629F10389002A9DBD /* Sources */,
				4505408729F10389002A9DBD /* Frameworks */,
				4505408829F10389002A9DBD /* Resources */,
			);
			buildRules = (
			);
			dependencies = (
			);
			name = EssentialFeed;
			productName = EssentialFeed;
			productReference = 4505408A29F10389002A9DBD /* EssentialFeed.framework */;
			productType = "com.apple.product-type.framework";
		};
		455A8E82299BBCD500F06136 /* EssentialFeedTests */ = {
			isa = PBXNativeTarget;
			buildConfigurationList = 455A8E9A299BBCD500F06136 /* Build configuration list for PBXNativeTarget "EssentialFeedTests" */;
			buildPhases = (
				455A8E7F299BBCD500F06136 /* Sources */,
				455A8E80299BBCD500F06136 /* Frameworks */,
				455A8E81299BBCD500F06136 /* Resources */,
			);
			buildRules = (
			);
			dependencies = (
			);
			name = EssentialFeedTests;
			productName = NetworkingModuleTests;
			productReference = 455A8E83299BBCD500F06136 /* EssentialFeedTests.xctest */;
			productType = "com.apple.product-type.bundle.unit-test";
		};
		4570B7BA29AF137200DB9EC7 /* EssentialFeedAPIEndToEndTests */ = {
			isa = PBXNativeTarget;
			buildConfigurationList = 4570B7C329AF137300DB9EC7 /* Build configuration list for PBXNativeTarget "EssentialFeedAPIEndToEndTests" */;
			buildPhases = (
				4570B7B729AF137200DB9EC7 /* Sources */,
				4570B7B829AF137200DB9EC7 /* Frameworks */,
				4570B7B929AF137200DB9EC7 /* Resources */,
			);
			buildRules = (
			);
			dependencies = (
			);
			name = EssentialFeedAPIEndToEndTests;
			productName = NetworkingModuleAPIEndToEndTests;
			productReference = 4570B7BB29AF137200DB9EC7 /* EssentialFeedAPIEndToEndTests.xctest */;
			productType = "com.apple.product-type.bundle.unit-test";
		};
		45E2DC4E29F1297A008C1EB9 /* EssentialFeediOS */ = {
			isa = PBXNativeTarget;
			buildConfigurationList = 45E2DC6229F1297B008C1EB9 /* Build configuration list for PBXNativeTarget "EssentialFeediOS" */;
			buildPhases = (
				45E2DC4A29F1297A008C1EB9 /* Headers */,
				45E2DC4B29F1297A008C1EB9 /* Sources */,
				45E2DC4C29F1297A008C1EB9 /* Frameworks */,
				45E2DC4D29F1297A008C1EB9 /* Resources */,
				455D5DF429F2879C00967145 /* Embed Frameworks */,
			);
			buildRules = (
			);
			dependencies = (
				455D5DF329F2879C00967145 /* PBXTargetDependency */,
			);
			name = EssentialFeediOS;
			productName = EssentialFeediOS;
			productReference = 45E2DC4F29F1297A008C1EB9 /* EssentialFeediOS.framework */;
			productType = "com.apple.product-type.framework";
		};
		45E2DC5529F1297B008C1EB9 /* EssentialFeediOSTests */ = {
			isa = PBXNativeTarget;
			buildConfigurationList = 45E2DC6329F1297B008C1EB9 /* Build configuration list for PBXNativeTarget "EssentialFeediOSTests" */;
			buildPhases = (
				45E2DC5229F1297B008C1EB9 /* Sources */,
				45E2DC5329F1297B008C1EB9 /* Frameworks */,
				45E2DC5429F1297B008C1EB9 /* Resources */,
			);
			buildRules = (
			);
			dependencies = (
				45E2DC5929F1297B008C1EB9 /* PBXTargetDependency */,
			);
			name = EssentialFeediOSTests;
			productName = EssentialFeediOSTests;
			productReference = 45E2DC5629F1297B008C1EB9 /* EssentialFeediOSTests.xctest */;
			productType = "com.apple.product-type.bundle.unit-test";
		};
		45F4852B29D8639300F62439 /* EssentialFeedCacheIntegrationTests */ = {
			isa = PBXNativeTarget;
			buildConfigurationList = 45F4853229D8639300F62439 /* Build configuration list for PBXNativeTarget "EssentialFeedCacheIntegrationTests" */;
			buildPhases = (
				45F4852829D8639300F62439 /* Sources */,
				45F4852929D8639300F62439 /* Frameworks */,
				45F4852A29D8639300F62439 /* Resources */,
			);
			buildRules = (
			);
			dependencies = (
			);
			name = EssentialFeedCacheIntegrationTests;
			productName = NetworkingModuleCacheIntegrationTests;
			productReference = 45F4852C29D8639300F62439 /* EssentialFeedCacheIntegrationTests.xctest */;
			productType = "com.apple.product-type.bundle.unit-test";
		};
/* End PBXNativeTarget section */

/* Begin PBXProject section */
		455A8E6A299BBCD400F06136 /* Project object */ = {
			isa = PBXProject;
			attributes = {
				BuildIndependentTargetsInParallel = 1;
				LastSwiftUpdateCheck = 1420;
				LastUpgradeCheck = 1420;
				TargetAttributes = {
					4505408929F10389002A9DBD = {
						CreatedOnToolsVersion = 14.2;
					};
					455A8E82299BBCD500F06136 = {
						CreatedOnToolsVersion = 14.2;
					};
					4570B7BA29AF137200DB9EC7 = {
						CreatedOnToolsVersion = 14.2;
					};
					45E2DC4E29F1297A008C1EB9 = {
						CreatedOnToolsVersion = 14.2;
						LastSwiftMigration = 1420;
					};
					45E2DC5529F1297B008C1EB9 = {
						CreatedOnToolsVersion = 14.2;
						LastSwiftMigration = 1420;
					};
					45F4852B29D8639300F62439 = {
						CreatedOnToolsVersion = 14.2;
					};
				};
			};
			buildConfigurationList = 455A8E6D299BBCD400F06136 /* Build configuration list for PBXProject "EssentialFeed" */;
			compatibilityVersion = "Xcode 14.0";
			developmentRegion = en;
			hasScannedForEncodings = 0;
			knownRegions = (
				en,
				Base,
				ru,
			);
			mainGroup = 455A8E69299BBCD400F06136;
			productRefGroup = 455A8E73299BBCD400F06136 /* Products */;
			projectDirPath = "";
			projectRoot = "";
			targets = (
				4505408929F10389002A9DBD /* EssentialFeed */,
				455A8E82299BBCD500F06136 /* EssentialFeedTests */,
				4570B7BA29AF137200DB9EC7 /* EssentialFeedAPIEndToEndTests */,
				45F4852B29D8639300F62439 /* EssentialFeedCacheIntegrationTests */,
				45E2DC4E29F1297A008C1EB9 /* EssentialFeediOS */,
				45E2DC5529F1297B008C1EB9 /* EssentialFeediOSTests */,
			);
		};
/* End PBXProject section */

/* Begin PBXResourcesBuildPhase section */
		4505408829F10389002A9DBD /* Resources */ = {
			isa = PBXResourcesBuildPhase;
			buildActionMask = 2147483647;
			files = (
				458FBCFC29FE811A009BD481 /* Feed.strings in Resources */,
			);
			runOnlyForDeploymentPostprocessing = 0;
		};
		455A8E81299BBCD500F06136 /* Resources */ = {
			isa = PBXResourcesBuildPhase;
			buildActionMask = 2147483647;
			files = (
			);
			runOnlyForDeploymentPostprocessing = 0;
		};
		4570B7B929AF137200DB9EC7 /* Resources */ = {
			isa = PBXResourcesBuildPhase;
			buildActionMask = 2147483647;
			files = (
			);
			runOnlyForDeploymentPostprocessing = 0;
		};
		45E2DC4D29F1297A008C1EB9 /* Resources */ = {
			isa = PBXResourcesBuildPhase;
			buildActionMask = 2147483647;
			files = (
			);
			runOnlyForDeploymentPostprocessing = 0;
		};
		45E2DC5429F1297B008C1EB9 /* Resources */ = {
			isa = PBXResourcesBuildPhase;
			buildActionMask = 2147483647;
			files = (
			);
			runOnlyForDeploymentPostprocessing = 0;
		};
		45F4852A29D8639300F62439 /* Resources */ = {
			isa = PBXResourcesBuildPhase;
			buildActionMask = 2147483647;
			files = (
			);
			runOnlyForDeploymentPostprocessing = 0;
		};
/* End PBXResourcesBuildPhase section */

/* Begin PBXSourcesBuildPhase section */
		4505408629F10389002A9DBD /* Sources */ = {
			isa = PBXSourcesBuildPhase;
			buildActionMask = 2147483647;
			files = (
				4505409D29F1058D002A9DBD /* FeedCachePolicy.swift in Sources */,
				45D641272A8E5148003E5A29 /* ImageCommentsMapper.swift in Sources */,
				4505409B29F10543002A9DBD /* LocalFeedLoader.swift in Sources */,
				450540A529F105A1002A9DBD /* NetworkingModule.xcdatamodeld in Sources */,
				45D6413E2A8FA81E003E5A29 /* FeedImageDataMapper.swift in Sources */,
				458FBD0529FE94B2009BD481 /* FeedImageViewModel.swift in Sources */,
				450540A229F10592002A9DBD /* HTTPClient.swift in Sources */,
				45D6412E2A8F8E53003E5A29 /* ImageComment.swift in Sources */,
				4505409829F10543002A9DBD /* ManagedFeedImage.swift in Sources */,
				452FCBFF2A336D2000B2FA15 /* CoreDataFeedStore+FeedStore.swift in Sources */,
				4505409729F10537002A9DBD /* CoreDataFeedStore.swift in Sources */,
				458FBCF729FE80B4009BD481 /* FeedErrorViewModel.swift in Sources */,
				458FBCFB29FE80C1009BD481 /* FeedViewModel.swift in Sources */,
				450540A429F1059E002A9DBD /* FeedItem.swift in Sources */,
				4505409F29F10592002A9DBD /* FeedItemsMapper.swift in Sources */,
				452FCBF92A336C2A00B2FA15 /* FeedImageDataStore.swift in Sources */,
				452535142A39B94400DB5044 /* FeedImageDataCache.swift in Sources */,
				450540A029F10592002A9DBD /* URLSessionHTTPClient.swift in Sources */,
				45D48B6B2A3366D400825D64 /* Response+StatusCode.swift in Sources */,
				458FBCF529FE8077009BD481 /* FeedPresenter.swift in Sources */,
				4505409929F10543002A9DBD /* ManagedCache.swift in Sources */,
				4505409629F10529002A9DBD /* FeedStore.swift in Sources */,
				4505409A29F10543002A9DBD /* CoreData+Helpers.swift in Sources */,
				45D48B652A33638300825D64 /* FeedImageDataLoader.swift in Sources */,
				458FBCF929FE80BB009BD481 /* FeedLoadingViewModel.swift in Sources */,
				452FCBFB2A336C5100B2FA15 /* LocalFeedImageDataLoader.swift in Sources */,
				452FCBFD2A336CE100B2FA15 /* CoreDataFeedStore+FeedImageDataLoader.swift in Sources */,
				458FBD0329FE94AA009BD481 /* FeedImagePresenter.swift in Sources */,
				4525350A2A39AC5B00DB5044 /* FeedCache.swift in Sources */,
				4505409C29F1058D002A9DBD /* LocalFeedImage.swift in Sources */,
			);
			runOnlyForDeploymentPostprocessing = 0;
		};
		455A8E7F299BBCD500F06136 /* Sources */ = {
			isa = PBXSourcesBuildPhase;
			buildActionMask = 2147483647;
			files = (
				458F881D29FD086600AF90A7 /* FeedPresenterTests.swift in Sources */,
				45D48B6D2A33675900825D64 /* HTTPClientSpy.swift in Sources */,
				45F4851B29D83A6900F62439 /* CoreDataFeedStoreTests.swift in Sources */,
				BBA609E829C22A55004C6AB3 /* FeedCacheTestHelpers.swift in Sources */,
				BBA609E529C2279C004C6AB3 /* ValidateFeedCacheUseCaseTests.swift in Sources */,
				458FBCFF29FE82D6009BD481 /* FeedLocalizationTests.swift in Sources */,
				45683D5E29ADC2D200862628 /* XCTestCase+MemoryLeakTracker.swift in Sources */,
				458FBD0129FE8635009BD481 /* FeedImagePresenterTests.swift in Sources */,
				4523081229BF140A004C3F1C /* FeedStoreSpy.swift in Sources */,
				45D641402A8FA83C003E5A29 /* FeedImageDataMapperTests.swift in Sources */,
				45D6412B2A8E51D0003E5A29 /* ImageCommentsMapperTests.swift in Sources */,
				BBA609EA29C22ABF004C6AB3 /* SharedTestHelpers.swift in Sources */,
				452FCC032A336FCA00B2FA15 /* CoreDataFeedImageDataStoreTests.swift in Sources */,
				4530DD0429BB201100EF8028 /* CacheFeedUseCaseTests.swift in Sources */,
				45D48B6F2A33679F00825D64 /* URLProtocolStub.swift in Sources */,
				4523081029BF1382004C3F1C /* LoadFeedFromCacheUseCaseTests.swift in Sources */,
				45F4850829CB2D5F00F62439 /* FeedStoreSpecs.swift in Sources */,
				45C77C0E29AC7D9F0069F6D1 /* URLSessionHTTPClientTests.swift in Sources */,
				452FCC072A33700F00B2FA15 /* LoadFeedImageDataFromCacheUseCaseTests.swift in Sources */,
				45D6413C2A8F9622003E5A29 /* FeedItemsMapperTests.swift in Sources */,
				45F4850A29CB2E5700F62439 /* XCTestCase+FeedStoreSpecs.swift in Sources */,
				452FCC052A336FFC00B2FA15 /* FeedImageDataStoreSpy.swift in Sources */,
				452FCC012A336FA800B2FA15 /* CacheFeedImageDataUseCaseTests.swift in Sources */,
			);
			runOnlyForDeploymentPostprocessing = 0;
		};
		4570B7B729AF137200DB9EC7 /* Sources */ = {
			isa = PBXSourcesBuildPhase;
			buildActionMask = 2147483647;
			files = (
				4570B7BE29AF137200DB9EC7 /* EssentialFeedAPIEndToEndTests.swift in Sources */,
				4570B7C429AF1A5500DB9EC7 /* XCTestCase+MemoryLeakTracker.swift in Sources */,
			);
			runOnlyForDeploymentPostprocessing = 0;
		};
		45E2DC4B29F1297A008C1EB9 /* Sources */ = {
			isa = PBXSourcesBuildPhase;
			buildActionMask = 2147483647;
			files = (
				452535312A3C7DBD00DB5044 /* UITableView+HeaderSizing.swift in Sources */,
				458FBCEC29FE7384009BD481 /* ErrorView.swift in Sources */,
				BBF7B80929F5A4C7005126F9 /* FeedRefreshViewController.swift in Sources */,
				45945BE729FA40EF00FACCD3 /* UITableView+Dequeueing.swift in Sources */,
				BBF7B80129F57A6A005126F9 /* UIView+Shimiring.swift in Sources */,
				45945BE929FA413000FACCD3 /* UIImageView+Animations.swift in Sources */,
				455D5DF729F29A3E00967145 /* FeedViewController.swift in Sources */,
				BBB1962729F56A0A00B8971B /* FeedImageCell.swift in Sources */,
				BBF7B80B29F5A6B7005126F9 /* FeedImageCellController.swift in Sources */,
			);
			runOnlyForDeploymentPostprocessing = 0;
		};
		45E2DC5229F1297B008C1EB9 /* Sources */ = {
			isa = PBXSourcesBuildPhase;
			buildActionMask = 2147483647;
			files = (
				452535332A3C820300DB5044 /* UIViewController+TestHelpers.swift in Sources */,
				455D5DF529F28CFD00967145 /* XCTestCase+MemoryLeakTracker.swift in Sources */,
				452535352A3C824B00DB5044 /* XCTestCase+Snapshot.swift in Sources */,
				4525352C2A3C5FEF00DB5044 /* FeedSnapshotTests.swift in Sources */,
				4525352F2A3C7D1700DB5044 /* UIImage+TestHelpers.swift in Sources */,
			);
			runOnlyForDeploymentPostprocessing = 0;
		};
		45F4852829D8639300F62439 /* Sources */ = {
			isa = PBXSourcesBuildPhase;
			buildActionMask = 2147483647;
			files = (
				45F4853729D865C800F62439 /* SharedTestHelpers.swift in Sources */,
				45F4852F29D8639300F62439 /* NetworkingModuleCacheIntegrationTests.swift in Sources */,
				45F4853629D865BD00F62439 /* FeedCacheTestHelpers.swift in Sources */,
				45F4853529D8651700F62439 /* XCTestCase+MemoryLeakTracker.swift in Sources */,
			);
			runOnlyForDeploymentPostprocessing = 0;
		};
/* End PBXSourcesBuildPhase section */

/* Begin PBXTargetDependency section */
		455D5DF329F2879C00967145 /* PBXTargetDependency */ = {
			isa = PBXTargetDependency;
			platformFilter = ios;
			target = 4505408929F10389002A9DBD /* EssentialFeed */;
			targetProxy = 455D5DF229F2879C00967145 /* PBXContainerItemProxy */;
		};
		45E2DC5929F1297B008C1EB9 /* PBXTargetDependency */ = {
			isa = PBXTargetDependency;
			target = 45E2DC4E29F1297A008C1EB9 /* EssentialFeediOS */;
			targetProxy = 45E2DC5829F1297B008C1EB9 /* PBXContainerItemProxy */;
		};
/* End PBXTargetDependency section */

/* Begin PBXVariantGroup section */
		458FBCF129FE7F61009BD481 /* Feed.strings */ = {
			isa = PBXVariantGroup;
			children = (
				458FBCF029FE7F61009BD481 /* en */,
				458FBCF229FE7F63009BD481 /* ru */,
			);
			name = Feed.strings;
			sourceTree = "<group>";
		};
/* End PBXVariantGroup section */

/* Begin XCBuildConfiguration section */
		4505409329F1038A002A9DBD /* Debug */ = {
			isa = XCBuildConfiguration;
			buildSettings = {
				CODE_SIGN_STYLE = Automatic;
				COMBINE_HIDPI_IMAGES = YES;
				CURRENT_PROJECT_VERSION = 1;
				DEFINES_MODULE = YES;
				DEVELOPMENT_TEAM = "";
				DYLIB_COMPATIBILITY_VERSION = 1;
				DYLIB_CURRENT_VERSION = 1;
				DYLIB_INSTALL_NAME_BASE = "@rpath";
				GENERATE_INFOPLIST_FILE = YES;
				INFOPLIST_KEY_NSHumanReadableCopyright = "";
				INSTALL_PATH = "$(LOCAL_LIBRARY_DIR)/Frameworks";
				IPHONEOS_DEPLOYMENT_TARGET = 16.2;
				LD_RUNPATH_SEARCH_PATHS = (
					"$(inherited)",
					"@executable_path/../Frameworks",
					"@loader_path/Frameworks",
				);
				MACOSX_DEPLOYMENT_TARGET = 12.4;
				MARKETING_VERSION = 1.0;
				PRODUCT_BUNDLE_IDENTIFIER = com.EssentialFeed;
				PRODUCT_NAME = "$(TARGET_NAME:c99extidentifier)";
				SKIP_INSTALL = YES;
				SUPPORTED_PLATFORMS = "macosx iphonesimulator iphoneos";
				SWIFT_EMIT_LOC_STRINGS = YES;
				SWIFT_VERSION = 5.0;
				VERSIONING_SYSTEM = "apple-generic";
				VERSION_INFO_PREFIX = "";
			};
			name = Debug;
		};
		4505409429F1038A002A9DBD /* Release */ = {
			isa = XCBuildConfiguration;
			buildSettings = {
				CODE_SIGN_STYLE = Automatic;
				COMBINE_HIDPI_IMAGES = YES;
				CURRENT_PROJECT_VERSION = 1;
				DEFINES_MODULE = YES;
				DEVELOPMENT_TEAM = "";
				DYLIB_COMPATIBILITY_VERSION = 1;
				DYLIB_CURRENT_VERSION = 1;
				DYLIB_INSTALL_NAME_BASE = "@rpath";
				GENERATE_INFOPLIST_FILE = YES;
				INFOPLIST_KEY_NSHumanReadableCopyright = "";
				INSTALL_PATH = "$(LOCAL_LIBRARY_DIR)/Frameworks";
				IPHONEOS_DEPLOYMENT_TARGET = 16.2;
				LD_RUNPATH_SEARCH_PATHS = (
					"$(inherited)",
					"@executable_path/../Frameworks",
					"@loader_path/Frameworks",
				);
				MACOSX_DEPLOYMENT_TARGET = 12.4;
				MARKETING_VERSION = 1.0;
				PRODUCT_BUNDLE_IDENTIFIER = com.EssentialFeed;
				PRODUCT_NAME = "$(TARGET_NAME:c99extidentifier)";
				SKIP_INSTALL = YES;
				SUPPORTED_PLATFORMS = "macosx iphonesimulator iphoneos";
				SWIFT_EMIT_LOC_STRINGS = YES;
				SWIFT_VERSION = 5.0;
				VERSIONING_SYSTEM = "apple-generic";
				VERSION_INFO_PREFIX = "";
			};
			name = Release;
		};
		455A8E95299BBCD500F06136 /* Debug */ = {
			isa = XCBuildConfiguration;
			buildSettings = {
				ALWAYS_SEARCH_USER_PATHS = NO;
				CLANG_ANALYZER_LOCALIZABILITY_NONLOCALIZED = YES;
				CLANG_ANALYZER_NONNULL = YES;
				CLANG_ANALYZER_NUMBER_OBJECT_CONVERSION = YES_AGGRESSIVE;
				CLANG_CXX_LANGUAGE_STANDARD = "gnu++20";
				CLANG_ENABLE_MODULES = YES;
				CLANG_ENABLE_OBJC_ARC = YES;
				CLANG_ENABLE_OBJC_WEAK = YES;
				CLANG_WARN_BLOCK_CAPTURE_AUTORELEASING = YES;
				CLANG_WARN_BOOL_CONVERSION = YES;
				CLANG_WARN_COMMA = YES;
				CLANG_WARN_CONSTANT_CONVERSION = YES;
				CLANG_WARN_DEPRECATED_OBJC_IMPLEMENTATIONS = YES;
				CLANG_WARN_DIRECT_OBJC_ISA_USAGE = YES_ERROR;
				CLANG_WARN_DOCUMENTATION_COMMENTS = YES;
				CLANG_WARN_EMPTY_BODY = YES;
				CLANG_WARN_ENUM_CONVERSION = YES;
				CLANG_WARN_INFINITE_RECURSION = YES;
				CLANG_WARN_INT_CONVERSION = YES;
				CLANG_WARN_NON_LITERAL_NULL_CONVERSION = YES;
				CLANG_WARN_OBJC_IMPLICIT_RETAIN_SELF = YES;
				CLANG_WARN_OBJC_LITERAL_CONVERSION = YES;
				CLANG_WARN_OBJC_ROOT_CLASS = YES_ERROR;
				CLANG_WARN_QUOTED_INCLUDE_IN_FRAMEWORK_HEADER = YES;
				CLANG_WARN_RANGE_LOOP_ANALYSIS = YES;
				CLANG_WARN_STRICT_PROTOTYPES = YES;
				CLANG_WARN_SUSPICIOUS_MOVE = YES;
				CLANG_WARN_UNGUARDED_AVAILABILITY = YES_AGGRESSIVE;
				CLANG_WARN_UNREACHABLE_CODE = YES;
				CLANG_WARN__DUPLICATE_METHOD_MATCH = YES;
				COPY_PHASE_STRIP = NO;
				DEBUG_INFORMATION_FORMAT = dwarf;
				ENABLE_STRICT_OBJC_MSGSEND = YES;
				ENABLE_TESTABILITY = YES;
				GCC_C_LANGUAGE_STANDARD = gnu11;
				GCC_DYNAMIC_NO_PIC = NO;
				GCC_NO_COMMON_BLOCKS = YES;
				GCC_OPTIMIZATION_LEVEL = 0;
				GCC_PREPROCESSOR_DEFINITIONS = (
					"DEBUG=1",
					"$(inherited)",
				);
				GCC_WARN_64_TO_32_BIT_CONVERSION = YES;
				GCC_WARN_ABOUT_RETURN_TYPE = YES_ERROR;
				GCC_WARN_UNDECLARED_SELECTOR = YES;
				GCC_WARN_UNINITIALIZED_AUTOS = YES_AGGRESSIVE;
				GCC_WARN_UNUSED_FUNCTION = YES;
				GCC_WARN_UNUSED_VARIABLE = YES;
				IPHONEOS_DEPLOYMENT_TARGET = 16.4;
				MACOSX_DEPLOYMENT_TARGET = 13.0;
				MTL_ENABLE_DEBUG_INFO = INCLUDE_SOURCE;
				MTL_FAST_MATH = YES;
				ONLY_ACTIVE_ARCH = YES;
				SDKROOT = macosx;
				SWIFT_ACTIVE_COMPILATION_CONDITIONS = DEBUG;
				SWIFT_OPTIMIZATION_LEVEL = "-Onone";
			};
			name = Debug;
		};
		455A8E96299BBCD500F06136 /* Release */ = {
			isa = XCBuildConfiguration;
			buildSettings = {
				ALWAYS_SEARCH_USER_PATHS = NO;
				CLANG_ANALYZER_LOCALIZABILITY_NONLOCALIZED = YES;
				CLANG_ANALYZER_NONNULL = YES;
				CLANG_ANALYZER_NUMBER_OBJECT_CONVERSION = YES_AGGRESSIVE;
				CLANG_CXX_LANGUAGE_STANDARD = "gnu++20";
				CLANG_ENABLE_MODULES = YES;
				CLANG_ENABLE_OBJC_ARC = YES;
				CLANG_ENABLE_OBJC_WEAK = YES;
				CLANG_WARN_BLOCK_CAPTURE_AUTORELEASING = YES;
				CLANG_WARN_BOOL_CONVERSION = YES;
				CLANG_WARN_COMMA = YES;
				CLANG_WARN_CONSTANT_CONVERSION = YES;
				CLANG_WARN_DEPRECATED_OBJC_IMPLEMENTATIONS = YES;
				CLANG_WARN_DIRECT_OBJC_ISA_USAGE = YES_ERROR;
				CLANG_WARN_DOCUMENTATION_COMMENTS = YES;
				CLANG_WARN_EMPTY_BODY = YES;
				CLANG_WARN_ENUM_CONVERSION = YES;
				CLANG_WARN_INFINITE_RECURSION = YES;
				CLANG_WARN_INT_CONVERSION = YES;
				CLANG_WARN_NON_LITERAL_NULL_CONVERSION = YES;
				CLANG_WARN_OBJC_IMPLICIT_RETAIN_SELF = YES;
				CLANG_WARN_OBJC_LITERAL_CONVERSION = YES;
				CLANG_WARN_OBJC_ROOT_CLASS = YES_ERROR;
				CLANG_WARN_QUOTED_INCLUDE_IN_FRAMEWORK_HEADER = YES;
				CLANG_WARN_RANGE_LOOP_ANALYSIS = YES;
				CLANG_WARN_STRICT_PROTOTYPES = YES;
				CLANG_WARN_SUSPICIOUS_MOVE = YES;
				CLANG_WARN_UNGUARDED_AVAILABILITY = YES_AGGRESSIVE;
				CLANG_WARN_UNREACHABLE_CODE = YES;
				CLANG_WARN__DUPLICATE_METHOD_MATCH = YES;
				COPY_PHASE_STRIP = NO;
				DEBUG_INFORMATION_FORMAT = "dwarf-with-dsym";
				ENABLE_NS_ASSERTIONS = NO;
				ENABLE_STRICT_OBJC_MSGSEND = YES;
				GCC_C_LANGUAGE_STANDARD = gnu11;
				GCC_NO_COMMON_BLOCKS = YES;
				GCC_WARN_64_TO_32_BIT_CONVERSION = YES;
				GCC_WARN_ABOUT_RETURN_TYPE = YES_ERROR;
				GCC_WARN_UNDECLARED_SELECTOR = YES;
				GCC_WARN_UNINITIALIZED_AUTOS = YES_AGGRESSIVE;
				GCC_WARN_UNUSED_FUNCTION = YES;
				GCC_WARN_UNUSED_VARIABLE = YES;
				IPHONEOS_DEPLOYMENT_TARGET = 16.4;
				MACOSX_DEPLOYMENT_TARGET = 13.0;
				MTL_ENABLE_DEBUG_INFO = NO;
				MTL_FAST_MATH = YES;
				SDKROOT = macosx;
				SWIFT_COMPILATION_MODE = wholemodule;
				SWIFT_OPTIMIZATION_LEVEL = "-O";
			};
			name = Release;
		};
		455A8E9B299BBCD500F06136 /* Debug */ = {
			isa = XCBuildConfiguration;
			buildSettings = {
				ALWAYS_EMBED_SWIFT_STANDARD_LIBRARIES = YES;
				CODE_SIGN_STYLE = Automatic;
				CURRENT_PROJECT_VERSION = 1;
				GENERATE_INFOPLIST_FILE = YES;
				MACOSX_DEPLOYMENT_TARGET = 12.4;
				MARKETING_VERSION = 1.0;
				PRODUCT_BUNDLE_IDENTIFIER = com.NetworkingModuleTests;
				PRODUCT_NAME = "$(TARGET_NAME)";
				SUPPORTED_PLATFORMS = "macosx iphoneos iphonesimulator";
				SWIFT_EMIT_LOC_STRINGS = NO;
				SWIFT_VERSION = 5.0;
			};
			name = Debug;
		};
		455A8E9C299BBCD500F06136 /* Release */ = {
			isa = XCBuildConfiguration;
			buildSettings = {
				ALWAYS_EMBED_SWIFT_STANDARD_LIBRARIES = YES;
				CODE_SIGN_STYLE = Automatic;
				CURRENT_PROJECT_VERSION = 1;
				GENERATE_INFOPLIST_FILE = YES;
				MACOSX_DEPLOYMENT_TARGET = 12.4;
				MARKETING_VERSION = 1.0;
				PRODUCT_BUNDLE_IDENTIFIER = com.NetworkingModuleTests;
				PRODUCT_NAME = "$(TARGET_NAME)";
				SUPPORTED_PLATFORMS = "macosx iphoneos iphonesimulator";
				SWIFT_EMIT_LOC_STRINGS = NO;
				SWIFT_VERSION = 5.0;
			};
			name = Release;
		};
		4570B7C129AF137300DB9EC7 /* Debug */ = {
			isa = XCBuildConfiguration;
			buildSettings = {
				CODE_SIGN_STYLE = Automatic;
				CURRENT_PROJECT_VERSION = 1;
				GENERATE_INFOPLIST_FILE = YES;
				MACOSX_DEPLOYMENT_TARGET = 12.4;
				MARKETING_VERSION = 1.0;
				PRODUCT_BUNDLE_IDENTIFIER = com.NetworkingModuleAPIEndToEndTests;
				PRODUCT_NAME = "$(TARGET_NAME)";
				SUPPORTED_PLATFORMS = "macosx iphonesimulator iphoneos";
				SWIFT_EMIT_LOC_STRINGS = NO;
				SWIFT_VERSION = 5.0;
			};
			name = Debug;
		};
		4570B7C229AF137300DB9EC7 /* Release */ = {
			isa = XCBuildConfiguration;
			buildSettings = {
				CODE_SIGN_STYLE = Automatic;
				CURRENT_PROJECT_VERSION = 1;
				GENERATE_INFOPLIST_FILE = YES;
				MACOSX_DEPLOYMENT_TARGET = 12.4;
				MARKETING_VERSION = 1.0;
				PRODUCT_BUNDLE_IDENTIFIER = com.NetworkingModuleAPIEndToEndTests;
				PRODUCT_NAME = "$(TARGET_NAME)";
				SUPPORTED_PLATFORMS = "macosx iphonesimulator iphoneos";
				SWIFT_EMIT_LOC_STRINGS = NO;
				SWIFT_VERSION = 5.0;
			};
			name = Release;
		};
		45E2DC5E29F1297B008C1EB9 /* Debug */ = {
			isa = XCBuildConfiguration;
			buildSettings = {
				CLANG_ENABLE_MODULES = YES;
				CODE_SIGN_STYLE = Automatic;
				CURRENT_PROJECT_VERSION = 1;
				DEFINES_MODULE = YES;
				DYLIB_COMPATIBILITY_VERSION = 1;
				DYLIB_CURRENT_VERSION = 1;
				DYLIB_INSTALL_NAME_BASE = "@rpath";
				GENERATE_INFOPLIST_FILE = YES;
				INFOPLIST_KEY_NSHumanReadableCopyright = "";
				INSTALL_PATH = "$(LOCAL_LIBRARY_DIR)/Frameworks";
				IPHONEOS_DEPLOYMENT_TARGET = 16.2;
				LD_RUNPATH_SEARCH_PATHS = (
					"$(inherited)",
					"@executable_path/Frameworks",
					"@loader_path/Frameworks",
				);
				MARKETING_VERSION = 1.0;
				PRODUCT_BUNDLE_IDENTIFIER = com.EssentialFeediOS;
				PRODUCT_NAME = "$(TARGET_NAME:c99extidentifier)";
				SDKROOT = iphoneos;
				SKIP_INSTALL = YES;
				SWIFT_EMIT_LOC_STRINGS = YES;
				SWIFT_OPTIMIZATION_LEVEL = "-Onone";
				SWIFT_VERSION = 5.0;
				TARGETED_DEVICE_FAMILY = "1,2";
				VERSIONING_SYSTEM = "apple-generic";
				VERSION_INFO_PREFIX = "";
			};
			name = Debug;
		};
		45E2DC5F29F1297B008C1EB9 /* Release */ = {
			isa = XCBuildConfiguration;
			buildSettings = {
				CLANG_ENABLE_MODULES = YES;
				CODE_SIGN_STYLE = Automatic;
				CURRENT_PROJECT_VERSION = 1;
				DEFINES_MODULE = YES;
				DYLIB_COMPATIBILITY_VERSION = 1;
				DYLIB_CURRENT_VERSION = 1;
				DYLIB_INSTALL_NAME_BASE = "@rpath";
				GENERATE_INFOPLIST_FILE = YES;
				INFOPLIST_KEY_NSHumanReadableCopyright = "";
				INSTALL_PATH = "$(LOCAL_LIBRARY_DIR)/Frameworks";
				IPHONEOS_DEPLOYMENT_TARGET = 16.2;
				LD_RUNPATH_SEARCH_PATHS = (
					"$(inherited)",
					"@executable_path/Frameworks",
					"@loader_path/Frameworks",
				);
				MARKETING_VERSION = 1.0;
				PRODUCT_BUNDLE_IDENTIFIER = com.EssentialFeediOS;
				PRODUCT_NAME = "$(TARGET_NAME:c99extidentifier)";
				SDKROOT = iphoneos;
				SKIP_INSTALL = YES;
				SWIFT_EMIT_LOC_STRINGS = YES;
				SWIFT_VERSION = 5.0;
				TARGETED_DEVICE_FAMILY = "1,2";
				VALIDATE_PRODUCT = YES;
				VERSIONING_SYSTEM = "apple-generic";
				VERSION_INFO_PREFIX = "";
			};
			name = Release;
		};
		45E2DC6029F1297B008C1EB9 /* Debug */ = {
			isa = XCBuildConfiguration;
			buildSettings = {
				ALWAYS_EMBED_SWIFT_STANDARD_LIBRARIES = YES;
				CLANG_ENABLE_MODULES = YES;
				"CODE_SIGN_IDENTITY[sdk=macosx*]" = "-";
				CODE_SIGN_STYLE = Automatic;
				CURRENT_PROJECT_VERSION = 1;
				DEVELOPMENT_TEAM = 8S532B766L;
				GENERATE_INFOPLIST_FILE = YES;
				IPHONEOS_DEPLOYMENT_TARGET = 16.2;
				LD_RUNPATH_SEARCH_PATHS = (
					"$(inherited)",
					"@executable_path/Frameworks",
					"@loader_path/Frameworks",
				);
				MARKETING_VERSION = 1.0;
				PRODUCT_BUNDLE_IDENTIFIER = com.EssentialFeediOSTests;
				PRODUCT_NAME = "$(TARGET_NAME)";
				SDKROOT = iphoneos;
				SWIFT_EMIT_LOC_STRINGS = NO;
				SWIFT_OBJC_BRIDGING_HEADER = "EssentialFeediOSTests/EssentialFeediOSTests-Bridging-Header.h";
				SWIFT_OPTIMIZATION_LEVEL = "-Onone";
				SWIFT_VERSION = 5.0;
				TARGETED_DEVICE_FAMILY = "1,2";
			};
			name = Debug;
		};
		45E2DC6129F1297B008C1EB9 /* Release */ = {
			isa = XCBuildConfiguration;
			buildSettings = {
				ALWAYS_EMBED_SWIFT_STANDARD_LIBRARIES = YES;
				CLANG_ENABLE_MODULES = YES;
				"CODE_SIGN_IDENTITY[sdk=macosx*]" = "-";
				CODE_SIGN_STYLE = Automatic;
				CURRENT_PROJECT_VERSION = 1;
				DEVELOPMENT_TEAM = 8S532B766L;
				GENERATE_INFOPLIST_FILE = YES;
				IPHONEOS_DEPLOYMENT_TARGET = 16.2;
				LD_RUNPATH_SEARCH_PATHS = (
					"$(inherited)",
					"@executable_path/Frameworks",
					"@loader_path/Frameworks",
				);
				MARKETING_VERSION = 1.0;
				PRODUCT_BUNDLE_IDENTIFIER = com.EssentialFeediOSTests;
				PRODUCT_NAME = "$(TARGET_NAME)";
				SDKROOT = iphoneos;
				SWIFT_EMIT_LOC_STRINGS = NO;
				SWIFT_OBJC_BRIDGING_HEADER = "EssentialFeediOSTests/EssentialFeediOSTests-Bridging-Header.h";
				SWIFT_VERSION = 5.0;
				TARGETED_DEVICE_FAMILY = "1,2";
				VALIDATE_PRODUCT = YES;
			};
			name = Release;
		};
		45F4853329D8639300F62439 /* Debug */ = {
			isa = XCBuildConfiguration;
			buildSettings = {
				CODE_SIGN_STYLE = Automatic;
				CURRENT_PROJECT_VERSION = 1;
				GENERATE_INFOPLIST_FILE = YES;
				MARKETING_VERSION = 1.0;
				PRODUCT_BUNDLE_IDENTIFIER = com.NetworkingModuleCacheIntegrationTests;
				PRODUCT_NAME = "$(TARGET_NAME)";
				SUPPORTED_PLATFORMS = "macosx iphonesimulator iphoneos";
				SWIFT_EMIT_LOC_STRINGS = NO;
				SWIFT_VERSION = 5.0;
			};
			name = Debug;
		};
		45F4853429D8639300F62439 /* Release */ = {
			isa = XCBuildConfiguration;
			buildSettings = {
				CODE_SIGN_STYLE = Automatic;
				CURRENT_PROJECT_VERSION = 1;
				GENERATE_INFOPLIST_FILE = YES;
				MARKETING_VERSION = 1.0;
				PRODUCT_BUNDLE_IDENTIFIER = com.NetworkingModuleCacheIntegrationTests;
				PRODUCT_NAME = "$(TARGET_NAME)";
				SUPPORTED_PLATFORMS = "macosx iphonesimulator iphoneos";
				SWIFT_EMIT_LOC_STRINGS = NO;
				SWIFT_VERSION = 5.0;
			};
			name = Release;
		};
/* End XCBuildConfiguration section */

/* Begin XCConfigurationList section */
		4505409229F1038A002A9DBD /* Build configuration list for PBXNativeTarget "EssentialFeed" */ = {
			isa = XCConfigurationList;
			buildConfigurations = (
				4505409329F1038A002A9DBD /* Debug */,
				4505409429F1038A002A9DBD /* Release */,
			);
			defaultConfigurationIsVisible = 0;
			defaultConfigurationName = Release;
		};
		455A8E6D299BBCD400F06136 /* Build configuration list for PBXProject "EssentialFeed" */ = {
			isa = XCConfigurationList;
			buildConfigurations = (
				455A8E95299BBCD500F06136 /* Debug */,
				455A8E96299BBCD500F06136 /* Release */,
			);
			defaultConfigurationIsVisible = 0;
			defaultConfigurationName = Release;
		};
		455A8E9A299BBCD500F06136 /* Build configuration list for PBXNativeTarget "EssentialFeedTests" */ = {
			isa = XCConfigurationList;
			buildConfigurations = (
				455A8E9B299BBCD500F06136 /* Debug */,
				455A8E9C299BBCD500F06136 /* Release */,
			);
			defaultConfigurationIsVisible = 0;
			defaultConfigurationName = Release;
		};
		4570B7C329AF137300DB9EC7 /* Build configuration list for PBXNativeTarget "EssentialFeedAPIEndToEndTests" */ = {
			isa = XCConfigurationList;
			buildConfigurations = (
				4570B7C129AF137300DB9EC7 /* Debug */,
				4570B7C229AF137300DB9EC7 /* Release */,
			);
			defaultConfigurationIsVisible = 0;
			defaultConfigurationName = Release;
		};
		45E2DC6229F1297B008C1EB9 /* Build configuration list for PBXNativeTarget "EssentialFeediOS" */ = {
			isa = XCConfigurationList;
			buildConfigurations = (
				45E2DC5E29F1297B008C1EB9 /* Debug */,
				45E2DC5F29F1297B008C1EB9 /* Release */,
			);
			defaultConfigurationIsVisible = 0;
			defaultConfigurationName = Release;
		};
		45E2DC6329F1297B008C1EB9 /* Build configuration list for PBXNativeTarget "EssentialFeediOSTests" */ = {
			isa = XCConfigurationList;
			buildConfigurations = (
				45E2DC6029F1297B008C1EB9 /* Debug */,
				45E2DC6129F1297B008C1EB9 /* Release */,
			);
			defaultConfigurationIsVisible = 0;
			defaultConfigurationName = Release;
		};
		45F4853229D8639300F62439 /* Build configuration list for PBXNativeTarget "EssentialFeedCacheIntegrationTests" */ = {
			isa = XCConfigurationList;
			buildConfigurations = (
				45F4853329D8639300F62439 /* Debug */,
				45F4853429D8639300F62439 /* Release */,
			);
			defaultConfigurationIsVisible = 0;
			defaultConfigurationName = Release;
		};
/* End XCConfigurationList section */

/* Begin XCVersionGroup section */
		45F4851E29D8422E00F62439 /* NetworkingModule.xcdatamodeld */ = {
			isa = XCVersionGroup;
			children = (
				45F4851F29D8422E00F62439 /* NetworkingModule.xcdatamodel */,
			);
			currentVersion = 45F4851F29D8422E00F62439 /* NetworkingModule.xcdatamodel */;
			path = NetworkingModule.xcdatamodeld;
			sourceTree = "<group>";
			versionGroupType = wrapper.xcdatamodel;
		};
/* End XCVersionGroup section */
	};
	rootObject = 455A8E6A299BBCD400F06136 /* Project object */;
}
