// !$*UTF8*$!
{
	archiveVersion = 1;
	classes = {
	};
	objectVersion = 56;
	objects = {

/* Begin PBXBuildFile section */
		452535062A39A85A00DB5044 /* LoaderStub.swift in Sources */ = {isa = PBXBuildFile; fileRef = 452535052A39A85A00DB5044 /* LoaderStub.swift */; };
		452535082A39A8F300DB5044 /* XCTestCase+FeedLoader.swift in Sources */ = {isa = PBXBuildFile; fileRef = 452535072A39A8F300DB5044 /* XCTestCase+FeedLoader.swift */; };
		4525350C2A39ACBA00DB5044 /* FeedLoaderCacheDecorator.swift in Sources */ = {isa = PBXBuildFile; fileRef = 4525350B2A39ACBA00DB5044 /* FeedLoaderCacheDecorator.swift */; };
		452535102A39B06000DB5044 /* FeedImageDataLoaderSpy.swift in Sources */ = {isa = PBXBuildFile; fileRef = 4525350F2A39B06000DB5044 /* FeedImageDataLoaderSpy.swift */; };
		452535122A39B11C00DB5044 /* XCTestCase+FeedImageDataLoader.swift in Sources */ = {isa = PBXBuildFile; fileRef = 452535112A39B11C00DB5044 /* XCTestCase+FeedImageDataLoader.swift */; };
		452535182A39E2F700DB5044 /* DebuggingSceneDelegate.swift in Sources */ = {isa = PBXBuildFile; fileRef = 452535172A39E2F700DB5044 /* DebuggingSceneDelegate.swift */; };
		4525351A2A3B414200DB5044 /* SceneDelegateTests.swift in Sources */ = {isa = PBXBuildFile; fileRef = 452535192A3B414200DB5044 /* SceneDelegateTests.swift */; };
		452535212A3B438D00DB5044 /* FeedUIComposer.swift in Sources */ = {isa = PBXBuildFile; fileRef = 452535202A3B438D00DB5044 /* FeedUIComposer.swift */; };
		452535222A3B438D00DB5044 /* MainQueueDispatchDecorator.swift in Sources */ = {isa = PBXBuildFile; fileRef = 4525351F2A3B438D00DB5044 /* MainQueueDispatchDecorator.swift */; };
		452535242A3B439400DB5044 /* FeedViewControllerTests.swift in Sources */ = {isa = PBXBuildFile; fileRef = 452535232A3B439400DB5044 /* FeedViewControllerTests.swift */; };
		452535262A3B463800DB5044 /* FeedAcceptanceTests.swift in Sources */ = {isa = PBXBuildFile; fileRef = 452535252A3B463800DB5044 /* FeedAcceptanceTests.swift */; };
		452535282A3B4A4400DB5044 /* InMemoryFeedStore.swift in Sources */ = {isa = PBXBuildFile; fileRef = 452535272A3B4A4400DB5044 /* InMemoryFeedStore.swift */; };
		4525352A2A3B4A6700DB5044 /* HTTPClientStub.swift in Sources */ = {isa = PBXBuildFile; fileRef = 452535292A3B4A6700DB5044 /* HTTPClientStub.swift */; };
		452535372A3C837100DB5044 /* UIView+TestHelpers.swift in Sources */ = {isa = PBXBuildFile; fileRef = 452535362A3C837100DB5044 /* UIView+TestHelpers.swift */; };
		452FCC152A33754700B2FA15 /* AppDelegate.swift in Sources */ = {isa = PBXBuildFile; fileRef = 452FCC142A33754700B2FA15 /* AppDelegate.swift */; };
		452FCC172A33754700B2FA15 /* SceneDelegate.swift in Sources */ = {isa = PBXBuildFile; fileRef = 452FCC162A33754700B2FA15 /* SceneDelegate.swift */; };
		452FCC192A33754700B2FA15 /* ViewController.swift in Sources */ = {isa = PBXBuildFile; fileRef = 452FCC182A33754700B2FA15 /* ViewController.swift */; };
		452FCC1C2A33754700B2FA15 /* Main.storyboard in Resources */ = {isa = PBXBuildFile; fileRef = 452FCC1A2A33754700B2FA15 /* Main.storyboard */; };
		452FCC1E2A33754800B2FA15 /* Assets.xcassets in Resources */ = {isa = PBXBuildFile; fileRef = 452FCC1D2A33754800B2FA15 /* Assets.xcassets */; };
		452FCC212A33754800B2FA15 /* LaunchScreen.storyboard in Resources */ = {isa = PBXBuildFile; fileRef = 452FCC1F2A33754800B2FA15 /* LaunchScreen.storyboard */; };
		452FCC472A3375D200B2FA15 /* EssentialFeed.framework in Frameworks */ = {isa = PBXBuildFile; fileRef = 452FCC452A3375D200B2FA15 /* EssentialFeed.framework */; };
		452FCC482A3375D200B2FA15 /* EssentialFeed.framework in Embed Frameworks */ = {isa = PBXBuildFile; fileRef = 452FCC452A3375D200B2FA15 /* EssentialFeed.framework */; settings = {ATTRIBUTES = (CodeSignOnCopy, RemoveHeadersOnCopy, ); }; };
		452FCC492A3375D200B2FA15 /* EssentialFeediOS.framework in Frameworks */ = {isa = PBXBuildFile; fileRef = 452FCC462A3375D200B2FA15 /* EssentialFeediOS.framework */; };
		452FCC4A2A3375D200B2FA15 /* EssentialFeediOS.framework in Embed Frameworks */ = {isa = PBXBuildFile; fileRef = 452FCC462A3375D200B2FA15 /* EssentialFeediOS.framework */; settings = {ATTRIBUTES = (CodeSignOnCopy, RemoveHeadersOnCopy, ); }; };
		456124492A349DA30005DF24 /* FeedLoaderWithFallbackComposite.swift in Sources */ = {isa = PBXBuildFile; fileRef = 456124482A349DA30005DF24 /* FeedLoaderWithFallbackComposite.swift */; };
		456124502A34A3DB0005DF24 /* XCTestCase+MemoryLeakTracking.swift in Sources */ = {isa = PBXBuildFile; fileRef = 4561244F2A34A3DB0005DF24 /* XCTestCase+MemoryLeakTracking.swift */; };
		456124522A34A4270005DF24 /* SharedHalpers.swift in Sources */ = {isa = PBXBuildFile; fileRef = 456124512A34A4270005DF24 /* SharedHalpers.swift */; };
		BB06FA262A49DEA300746EEA /* CombineHelpers.swift in Sources */ = {isa = PBXBuildFile; fileRef = BB06FA252A49DEA300746EEA /* CombineHelpers.swift */; };
/* End PBXBuildFile section */

/* Begin PBXContainerItemProxy section */
		452FCC282A33754800B2FA15 /* PBXContainerItemProxy */ = {
			isa = PBXContainerItemProxy;
			containerPortal = 452FCC092A33754700B2FA15 /* Project object */;
			proxyType = 1;
			remoteGlobalIDString = 452FCC102A33754700B2FA15;
			remoteInfo = EssentialApp;
		};
/* End PBXContainerItemProxy section */

/* Begin PBXCopyFilesBuildPhase section */
		452FCC4B2A3375D200B2FA15 /* Embed Frameworks */ = {
			isa = PBXCopyFilesBuildPhase;
			buildActionMask = 2147483647;
			dstPath = "";
			dstSubfolderSpec = 10;
			files = (
				452FCC482A3375D200B2FA15 /* EssentialFeed.framework in Embed Frameworks */,
				452FCC4A2A3375D200B2FA15 /* EssentialFeediOS.framework in Embed Frameworks */,
			);
			name = "Embed Frameworks";
			runOnlyForDeploymentPostprocessing = 0;
		};
/* End PBXCopyFilesBuildPhase section */

/* Begin PBXFileReference section */
		452535052A39A85A00DB5044 /* LoaderStub.swift */ = {isa = PBXFileReference; lastKnownFileType = sourcecode.swift; path = LoaderStub.swift; sourceTree = "<group>"; };
		452535072A39A8F300DB5044 /* XCTestCase+FeedLoader.swift */ = {isa = PBXFileReference; lastKnownFileType = sourcecode.swift; path = "XCTestCase+FeedLoader.swift"; sourceTree = "<group>"; };
		4525350B2A39ACBA00DB5044 /* FeedLoaderCacheDecorator.swift */ = {isa = PBXFileReference; lastKnownFileType = sourcecode.swift; path = FeedLoaderCacheDecorator.swift; sourceTree = "<group>"; };
		4525350F2A39B06000DB5044 /* FeedImageDataLoaderSpy.swift */ = {isa = PBXFileReference; lastKnownFileType = sourcecode.swift; path = FeedImageDataLoaderSpy.swift; sourceTree = "<group>"; };
		452535112A39B11C00DB5044 /* XCTestCase+FeedImageDataLoader.swift */ = {isa = PBXFileReference; lastKnownFileType = sourcecode.swift; path = "XCTestCase+FeedImageDataLoader.swift"; sourceTree = "<group>"; };
		452535172A39E2F700DB5044 /* DebuggingSceneDelegate.swift */ = {isa = PBXFileReference; lastKnownFileType = sourcecode.swift; path = DebuggingSceneDelegate.swift; sourceTree = "<group>"; };
		452535192A3B414200DB5044 /* SceneDelegateTests.swift */ = {isa = PBXFileReference; lastKnownFileType = sourcecode.swift; path = SceneDelegateTests.swift; sourceTree = "<group>"; };
		4525351F2A3B438D00DB5044 /* MainQueueDispatchDecorator.swift */ = {isa = PBXFileReference; lastKnownFileType = sourcecode.swift; path = MainQueueDispatchDecorator.swift; sourceTree = "<group>"; };
		452535202A3B438D00DB5044 /* FeedUIComposer.swift */ = {isa = PBXFileReference; lastKnownFileType = sourcecode.swift; path = FeedUIComposer.swift; sourceTree = "<group>"; };
		452535232A3B439400DB5044 /* FeedViewControllerTests.swift */ = {isa = PBXFileReference; lastKnownFileType = sourcecode.swift; path = FeedViewControllerTests.swift; sourceTree = "<group>"; };
		452535252A3B463800DB5044 /* FeedAcceptanceTests.swift */ = {isa = PBXFileReference; lastKnownFileType = sourcecode.swift; path = FeedAcceptanceTests.swift; sourceTree = "<group>"; };
		452535272A3B4A4400DB5044 /* InMemoryFeedStore.swift */ = {isa = PBXFileReference; lastKnownFileType = sourcecode.swift; path = InMemoryFeedStore.swift; sourceTree = "<group>"; };
		452535292A3B4A6700DB5044 /* HTTPClientStub.swift */ = {isa = PBXFileReference; lastKnownFileType = sourcecode.swift; path = HTTPClientStub.swift; sourceTree = "<group>"; };
		452535362A3C837100DB5044 /* UIView+TestHelpers.swift */ = {isa = PBXFileReference; lastKnownFileType = sourcecode.swift; path = "UIView+TestHelpers.swift"; sourceTree = "<group>"; };
		452FCC112A33754700B2FA15 /* EssentialApp.app */ = {isa = PBXFileReference; explicitFileType = wrapper.application; includeInIndex = 0; path = EssentialApp.app; sourceTree = BUILT_PRODUCTS_DIR; };
		452FCC142A33754700B2FA15 /* AppDelegate.swift */ = {isa = PBXFileReference; lastKnownFileType = sourcecode.swift; path = AppDelegate.swift; sourceTree = "<group>"; };
		452FCC162A33754700B2FA15 /* SceneDelegate.swift */ = {isa = PBXFileReference; lastKnownFileType = sourcecode.swift; path = SceneDelegate.swift; sourceTree = "<group>"; };
		452FCC182A33754700B2FA15 /* ViewController.swift */ = {isa = PBXFileReference; lastKnownFileType = sourcecode.swift; path = ViewController.swift; sourceTree = "<group>"; };
		452FCC1B2A33754700B2FA15 /* Base */ = {isa = PBXFileReference; lastKnownFileType = file.storyboard; name = Base; path = Base.lproj/Main.storyboard; sourceTree = "<group>"; };
		452FCC1D2A33754800B2FA15 /* Assets.xcassets */ = {isa = PBXFileReference; lastKnownFileType = folder.assetcatalog; path = Assets.xcassets; sourceTree = "<group>"; };
		452FCC202A33754800B2FA15 /* Base */ = {isa = PBXFileReference; lastKnownFileType = file.storyboard; name = Base; path = Base.lproj/LaunchScreen.storyboard; sourceTree = "<group>"; };
		452FCC222A33754800B2FA15 /* Info.plist */ = {isa = PBXFileReference; lastKnownFileType = text.plist.xml; path = Info.plist; sourceTree = "<group>"; };
		452FCC272A33754800B2FA15 /* EssentialAppTests.xctest */ = {isa = PBXFileReference; explicitFileType = wrapper.cfbundle; includeInIndex = 0; path = EssentialAppTests.xctest; sourceTree = BUILT_PRODUCTS_DIR; };
		452FCC452A3375D200B2FA15 /* EssentialFeed.framework */ = {isa = PBXFileReference; explicitFileType = wrapper.framework; path = EssentialFeed.framework; sourceTree = BUILT_PRODUCTS_DIR; };
		452FCC462A3375D200B2FA15 /* EssentialFeediOS.framework */ = {isa = PBXFileReference; explicitFileType = wrapper.framework; path = EssentialFeediOS.framework; sourceTree = BUILT_PRODUCTS_DIR; };
		456124482A349DA30005DF24 /* FeedLoaderWithFallbackComposite.swift */ = {isa = PBXFileReference; lastKnownFileType = sourcecode.swift; path = FeedLoaderWithFallbackComposite.swift; sourceTree = "<group>"; };
		4561244F2A34A3DB0005DF24 /* XCTestCase+MemoryLeakTracking.swift */ = {isa = PBXFileReference; lastKnownFileType = sourcecode.swift; path = "XCTestCase+MemoryLeakTracking.swift"; sourceTree = "<group>"; };
		456124512A34A4270005DF24 /* SharedHalpers.swift */ = {isa = PBXFileReference; lastKnownFileType = sourcecode.swift; path = SharedHalpers.swift; sourceTree = "<group>"; };
		BB06FA252A49DEA300746EEA /* CombineHelpers.swift */ = {isa = PBXFileReference; lastKnownFileType = sourcecode.swift; path = CombineHelpers.swift; sourceTree = "<group>"; };
/* End PBXFileReference section */

/* Begin PBXFrameworksBuildPhase section */
		452FCC0E2A33754700B2FA15 /* Frameworks */ = {
			isa = PBXFrameworksBuildPhase;
			buildActionMask = 2147483647;
			files = (
				452FCC472A3375D200B2FA15 /* EssentialFeed.framework in Frameworks */,
				452FCC492A3375D200B2FA15 /* EssentialFeediOS.framework in Frameworks */,
			);
			runOnlyForDeploymentPostprocessing = 0;
		};
		452FCC242A33754800B2FA15 /* Frameworks */ = {
			isa = PBXFrameworksBuildPhase;
			buildActionMask = 2147483647;
			files = (
			);
			runOnlyForDeploymentPostprocessing = 0;
		};
/* End PBXFrameworksBuildPhase section */

/* Begin PBXGroup section */
		452FCC082A33754700B2FA15 = {
			isa = PBXGroup;
			children = (
				452FCC132A33754700B2FA15 /* EssentialApp */,
				452FCC2A2A33754800B2FA15 /* EssentialAppTests */,
				452FCC122A33754700B2FA15 /* Products */,
				452FCC442A3375D200B2FA15 /* Frameworks */,
			);
			sourceTree = "<group>";
		};
		452FCC122A33754700B2FA15 /* Products */ = {
			isa = PBXGroup;
			children = (
				452FCC112A33754700B2FA15 /* EssentialApp.app */,
				452FCC272A33754800B2FA15 /* EssentialAppTests.xctest */,
			);
			name = Products;
			sourceTree = "<group>";
		};
		452FCC132A33754700B2FA15 /* EssentialApp */ = {
			isa = PBXGroup;
			children = (
				452535202A3B438D00DB5044 /* FeedUIComposer.swift */,
				4525351F2A3B438D00DB5044 /* MainQueueDispatchDecorator.swift */,
				452FCC142A33754700B2FA15 /* AppDelegate.swift */,
				452FCC162A33754700B2FA15 /* SceneDelegate.swift */,
				452FCC182A33754700B2FA15 /* ViewController.swift */,
				452FCC1A2A33754700B2FA15 /* Main.storyboard */,
				452FCC1D2A33754800B2FA15 /* Assets.xcassets */,
				452FCC1F2A33754800B2FA15 /* LaunchScreen.storyboard */,
				452FCC222A33754800B2FA15 /* Info.plist */,
				456124482A349DA30005DF24 /* FeedLoaderWithFallbackComposite.swift */,
				4525350B2A39ACBA00DB5044 /* FeedLoaderCacheDecorator.swift */,
				452535172A39E2F700DB5044 /* DebuggingSceneDelegate.swift */,
				BB06FA252A49DEA300746EEA /* CombineHelpers.swift */,
			);
			path = EssentialApp;
			sourceTree = "<group>";
		};
		452FCC2A2A33754800B2FA15 /* EssentialAppTests */ = {
			isa = PBXGroup;
			children = (
				452535232A3B439400DB5044 /* FeedViewControllerTests.swift */,
				4561244E2A34A3B80005DF24 /* Helpers */,
				452535192A3B414200DB5044 /* SceneDelegateTests.swift */,
				452535252A3B463800DB5044 /* FeedAcceptanceTests.swift */,
			);
			path = EssentialAppTests;
			sourceTree = "<group>";
		};
		452FCC442A3375D200B2FA15 /* Frameworks */ = {
			isa = PBXGroup;
			children = (
				452FCC452A3375D200B2FA15 /* EssentialFeed.framework */,
				452FCC462A3375D200B2FA15 /* EssentialFeediOS.framework */,
			);
			name = Frameworks;
			sourceTree = "<group>";
		};
		4561244E2A34A3B80005DF24 /* Helpers */ = {
			isa = PBXGroup;
			children = (
				4561244F2A34A3DB0005DF24 /* XCTestCase+MemoryLeakTracking.swift */,
				456124512A34A4270005DF24 /* SharedHalpers.swift */,
				452535052A39A85A00DB5044 /* LoaderStub.swift */,
				452535072A39A8F300DB5044 /* XCTestCase+FeedLoader.swift */,
				4525350F2A39B06000DB5044 /* FeedImageDataLoaderSpy.swift */,
				452535112A39B11C00DB5044 /* XCTestCase+FeedImageDataLoader.swift */,
				452535272A3B4A4400DB5044 /* InMemoryFeedStore.swift */,
				452535292A3B4A6700DB5044 /* HTTPClientStub.swift */,
				452535362A3C837100DB5044 /* UIView+TestHelpers.swift */,
			);
			path = Helpers;
			sourceTree = "<group>";
		};
/* End PBXGroup section */

/* Begin PBXNativeTarget section */
		452FCC102A33754700B2FA15 /* EssentialApp */ = {
			isa = PBXNativeTarget;
			buildConfigurationList = 452FCC3B2A33754800B2FA15 /* Build configuration list for PBXNativeTarget "EssentialApp" */;
			buildPhases = (
				452FCC0D2A33754700B2FA15 /* Sources */,
				452FCC0E2A33754700B2FA15 /* Frameworks */,
				452FCC0F2A33754700B2FA15 /* Resources */,
				452FCC4B2A3375D200B2FA15 /* Embed Frameworks */,
			);
			buildRules = (
			);
			dependencies = (
			);
			name = EssentialApp;
			productName = EssentialApp;
			productReference = 452FCC112A33754700B2FA15 /* EssentialApp.app */;
			productType = "com.apple.product-type.application";
		};
		452FCC262A33754800B2FA15 /* EssentialAppTests */ = {
			isa = PBXNativeTarget;
			buildConfigurationList = 452FCC3E2A33754800B2FA15 /* Build configuration list for PBXNativeTarget "EssentialAppTests" */;
			buildPhases = (
				452FCC232A33754800B2FA15 /* Sources */,
				452FCC242A33754800B2FA15 /* Frameworks */,
				452FCC252A33754800B2FA15 /* Resources */,
			);
			buildRules = (
			);
			dependencies = (
				452FCC292A33754800B2FA15 /* PBXTargetDependency */,
			);
			name = EssentialAppTests;
			productName = EssentialAppTests;
			productReference = 452FCC272A33754800B2FA15 /* EssentialAppTests.xctest */;
			productType = "com.apple.product-type.bundle.unit-test";
		};
/* End PBXNativeTarget section */

/* Begin PBXProject section */
		452FCC092A33754700B2FA15 /* Project object */ = {
			isa = PBXProject;
			attributes = {
				BuildIndependentTargetsInParallel = 1;
				LastSwiftUpdateCheck = 1420;
				LastUpgradeCheck = 1420;
				TargetAttributes = {
					452FCC102A33754700B2FA15 = {
						CreatedOnToolsVersion = 14.2;
					};
					452FCC262A33754800B2FA15 = {
						CreatedOnToolsVersion = 14.2;
						TestTargetID = 452FCC102A33754700B2FA15;
					};
				};
			};
			buildConfigurationList = 452FCC0C2A33754700B2FA15 /* Build configuration list for PBXProject "EssentialApp" */;
			compatibilityVersion = "Xcode 14.0";
			developmentRegion = en;
			hasScannedForEncodings = 0;
			knownRegions = (
				en,
				Base,
			);
			mainGroup = 452FCC082A33754700B2FA15;
			productRefGroup = 452FCC122A33754700B2FA15 /* Products */;
			projectDirPath = "";
			projectRoot = "";
			targets = (
				452FCC102A33754700B2FA15 /* EssentialApp */,
				452FCC262A33754800B2FA15 /* EssentialAppTests */,
			);
		};
/* End PBXProject section */

/* Begin PBXResourcesBuildPhase section */
		452FCC0F2A33754700B2FA15 /* Resources */ = {
			isa = PBXResourcesBuildPhase;
			buildActionMask = 2147483647;
			files = (
				452FCC212A33754800B2FA15 /* LaunchScreen.storyboard in Resources */,
				452FCC1E2A33754800B2FA15 /* Assets.xcassets in Resources */,
				452FCC1C2A33754700B2FA15 /* Main.storyboard in Resources */,
			);
			runOnlyForDeploymentPostprocessing = 0;
		};
		452FCC252A33754800B2FA15 /* Resources */ = {
			isa = PBXResourcesBuildPhase;
			buildActionMask = 2147483647;
			files = (
			);
			runOnlyForDeploymentPostprocessing = 0;
		};
/* End PBXResourcesBuildPhase section */

/* Begin PBXSourcesBuildPhase section */
		452FCC0D2A33754700B2FA15 /* Sources */ = {
			isa = PBXSourcesBuildPhase;
			buildActionMask = 2147483647;
			files = (
				452FCC192A33754700B2FA15 /* ViewController.swift in Sources */,
				452535212A3B438D00DB5044 /* FeedUIComposer.swift in Sources */,
				452FCC152A33754700B2FA15 /* AppDelegate.swift in Sources */,
				456124492A349DA30005DF24 /* FeedLoaderWithFallbackComposite.swift in Sources */,
				BB06FA262A49DEA300746EEA /* CombineHelpers.swift in Sources */,
				4525350C2A39ACBA00DB5044 /* FeedLoaderCacheDecorator.swift in Sources */,
				452535182A39E2F700DB5044 /* DebuggingSceneDelegate.swift in Sources */,
				452535222A3B438D00DB5044 /* MainQueueDispatchDecorator.swift in Sources */,
				452FCC172A33754700B2FA15 /* SceneDelegate.swift in Sources */,
			);
			runOnlyForDeploymentPostprocessing = 0;
		};
		452FCC232A33754800B2FA15 /* Sources */ = {
			isa = PBXSourcesBuildPhase;
			buildActionMask = 2147483647;
			files = (
				452535062A39A85A00DB5044 /* LoaderStub.swift in Sources */,
				452535082A39A8F300DB5044 /* XCTestCase+FeedLoader.swift in Sources */,
				4525352A2A3B4A6700DB5044 /* HTTPClientStub.swift in Sources */,
				452535122A39B11C00DB5044 /* XCTestCase+FeedImageDataLoader.swift in Sources */,
				4525351A2A3B414200DB5044 /* SceneDelegateTests.swift in Sources */,
				456124522A34A4270005DF24 /* SharedHalpers.swift in Sources */,
				452535102A39B06000DB5044 /* FeedImageDataLoaderSpy.swift in Sources */,
				452535372A3C837100DB5044 /* UIView+TestHelpers.swift in Sources */,
				452535282A3B4A4400DB5044 /* InMemoryFeedStore.swift in Sources */,
				452535262A3B463800DB5044 /* FeedAcceptanceTests.swift in Sources */,
				452535242A3B439400DB5044 /* FeedViewControllerTests.swift in Sources */,
				456124502A34A3DB0005DF24 /* XCTestCase+MemoryLeakTracking.swift in Sources */,
			);
			runOnlyForDeploymentPostprocessing = 0;
		};
/* End PBXSourcesBuildPhase section */

/* Begin PBXTargetDependency section */
		452FCC292A33754800B2FA15 /* PBXTargetDependency */ = {
			isa = PBXTargetDependency;
			target = 452FCC102A33754700B2FA15 /* EssentialApp */;
			targetProxy = 452FCC282A33754800B2FA15 /* PBXContainerItemProxy */;
		};
/* End PBXTargetDependency section */

/* Begin PBXVariantGroup section */
		452FCC1A2A33754700B2FA15 /* Main.storyboard */ = {
			isa = PBXVariantGroup;
			children = (
				452FCC1B2A33754700B2FA15 /* Base */,
			);
			name = Main.storyboard;
			sourceTree = "<group>";
		};
		452FCC1F2A33754800B2FA15 /* LaunchScreen.storyboard */ = {
			isa = PBXVariantGroup;
			children = (
				452FCC202A33754800B2FA15 /* Base */,
			);
			name = LaunchScreen.storyboard;
			sourceTree = "<group>";
		};
/* End PBXVariantGroup section */

/* Begin XCBuildConfiguration section */
		452FCC392A33754800B2FA15 /* Debug */ = {
			isa = XCBuildConfiguration;
			buildSettings = {
				ALWAYS_SEARCH_USER_PATHS = NO;
				CLANG_ANALYZER_NONNULL = YES;
				CLANG_ANALYZER_NUMBER_OBJECT_CONVERSION = YES_AGGRESSIVE;
				CLANG_CXX_LANGUAGE_STANDARD = "gnu++20";
				CLANG_ENABLE_MODULES = YES;
				CLANG_ENABLE_OBJC_ARC = YES;
				CLANG_ENABLE_OBJC_WEAK = YES;
				CLANG_WARN_BLOCK_CAPTURE_AUTORELEASING = YES;
				CLANG_WARN_BOOL_CONVERSION = YES;
				CLANG_WARN_COMMA = YES;
				CLANG_WARN_CONSTANT_CONVERSION = YES;
				CLANG_WARN_DEPRECATED_OBJC_IMPLEMENTATIONS = YES;
				CLANG_WARN_DIRECT_OBJC_ISA_USAGE = YES_ERROR;
				CLANG_WARN_DOCUMENTATION_COMMENTS = YES;
				CLANG_WARN_EMPTY_BODY = YES;
				CLANG_WARN_ENUM_CONVERSION = YES;
				CLANG_WARN_INFINITE_RECURSION = YES;
				CLANG_WARN_INT_CONVERSION = YES;
				CLANG_WARN_NON_LITERAL_NULL_CONVERSION = YES;
				CLANG_WARN_OBJC_IMPLICIT_RETAIN_SELF = YES;
				CLANG_WARN_OBJC_LITERAL_CONVERSION = YES;
				CLANG_WARN_OBJC_ROOT_CLASS = YES_ERROR;
				CLANG_WARN_QUOTED_INCLUDE_IN_FRAMEWORK_HEADER = YES;
				CLANG_WARN_RANGE_LOOP_ANALYSIS = YES;
				CLANG_WARN_STRICT_PROTOTYPES = YES;
				CLANG_WARN_SUSPICIOUS_MOVE = YES;
				CLANG_WARN_UNGUARDED_AVAILABILITY = YES_AGGRESSIVE;
				CLANG_WARN_UNREACHABLE_CODE = YES;
				CLANG_WARN__DUPLICATE_METHOD_MATCH = YES;
				COPY_PHASE_STRIP = NO;
				DEBUG_INFORMATION_FORMAT = dwarf;
				ENABLE_STRICT_OBJC_MSGSEND = YES;
				ENABLE_TESTABILITY = YES;
				GCC_C_LANGUAGE_STANDARD = gnu11;
				GCC_DYNAMIC_NO_PIC = NO;
				GCC_NO_COMMON_BLOCKS = YES;
				GCC_OPTIMIZATION_LEVEL = 0;
				GCC_PREPROCESSOR_DEFINITIONS = (
					"DEBUG=1",
					"$(inherited)",
				);
				GCC_WARN_64_TO_32_BIT_CONVERSION = YES;
				GCC_WARN_ABOUT_RETURN_TYPE = YES_ERROR;
				GCC_WARN_UNDECLARED_SELECTOR = YES;
				GCC_WARN_UNINITIALIZED_AUTOS = YES_AGGRESSIVE;
				GCC_WARN_UNUSED_FUNCTION = YES;
				GCC_WARN_UNUSED_VARIABLE = YES;
				IPHONEOS_DEPLOYMENT_TARGET = 16.2;
				MTL_ENABLE_DEBUG_INFO = INCLUDE_SOURCE;
				MTL_FAST_MATH = YES;
				ONLY_ACTIVE_ARCH = YES;
				SDKROOT = iphoneos;
				SWIFT_ACTIVE_COMPILATION_CONDITIONS = DEBUG;
				SWIFT_OPTIMIZATION_LEVEL = "-Onone";
			};
			name = Debug;
		};
		452FCC3A2A33754800B2FA15 /* Release */ = {
			isa = XCBuildConfiguration;
			buildSettings = {
				ALWAYS_SEARCH_USER_PATHS = NO;
				CLANG_ANALYZER_NONNULL = YES;
				CLANG_ANALYZER_NUMBER_OBJECT_CONVERSION = YES_AGGRESSIVE;
				CLANG_CXX_LANGUAGE_STANDARD = "gnu++20";
				CLANG_ENABLE_MODULES = YES;
				CLANG_ENABLE_OBJC_ARC = YES;
				CLANG_ENABLE_OBJC_WEAK = YES;
				CLANG_WARN_BLOCK_CAPTURE_AUTORELEASING = YES;
				CLANG_WARN_BOOL_CONVERSION = YES;
				CLANG_WARN_COMMA = YES;
				CLANG_WARN_CONSTANT_CONVERSION = YES;
				CLANG_WARN_DEPRECATED_OBJC_IMPLEMENTATIONS = YES;
				CLANG_WARN_DIRECT_OBJC_ISA_USAGE = YES_ERROR;
				CLANG_WARN_DOCUMENTATION_COMMENTS = YES;
				CLANG_WARN_EMPTY_BODY = YES;
				CLANG_WARN_ENUM_CONVERSION = YES;
				CLANG_WARN_INFINITE_RECURSION = YES;
				CLANG_WARN_INT_CONVERSION = YES;
				CLANG_WARN_NON_LITERAL_NULL_CONVERSION = YES;
				CLANG_WARN_OBJC_IMPLICIT_RETAIN_SELF = YES;
				CLANG_WARN_OBJC_LITERAL_CONVERSION = YES;
				CLANG_WARN_OBJC_ROOT_CLASS = YES_ERROR;
				CLANG_WARN_QUOTED_INCLUDE_IN_FRAMEWORK_HEADER = YES;
				CLANG_WARN_RANGE_LOOP_ANALYSIS = YES;
				CLANG_WARN_STRICT_PROTOTYPES = YES;
				CLANG_WARN_SUSPICIOUS_MOVE = YES;
				CLANG_WARN_UNGUARDED_AVAILABILITY = YES_AGGRESSIVE;
				CLANG_WARN_UNREACHABLE_CODE = YES;
				CLANG_WARN__DUPLICATE_METHOD_MATCH = YES;
				COPY_PHASE_STRIP = NO;
				DEBUG_INFORMATION_FORMAT = "dwarf-with-dsym";
				ENABLE_NS_ASSERTIONS = NO;
				ENABLE_STRICT_OBJC_MSGSEND = YES;
				GCC_C_LANGUAGE_STANDARD = gnu11;
				GCC_NO_COMMON_BLOCKS = YES;
				GCC_WARN_64_TO_32_BIT_CONVERSION = YES;
				GCC_WARN_ABOUT_RETURN_TYPE = YES_ERROR;
				GCC_WARN_UNDECLARED_SELECTOR = YES;
				GCC_WARN_UNINITIALIZED_AUTOS = YES_AGGRESSIVE;
				GCC_WARN_UNUSED_FUNCTION = YES;
				GCC_WARN_UNUSED_VARIABLE = YES;
				IPHONEOS_DEPLOYMENT_TARGET = 16.2;
				MTL_ENABLE_DEBUG_INFO = NO;
				MTL_FAST_MATH = YES;
				SDKROOT = iphoneos;
				SWIFT_COMPILATION_MODE = wholemodule;
				SWIFT_OPTIMIZATION_LEVEL = "-O";
				VALIDATE_PRODUCT = YES;
			};
			name = Release;
		};
		452FCC3C2A33754800B2FA15 /* Debug */ = {
			isa = XCBuildConfiguration;
			buildSettings = {
				ASSETCATALOG_COMPILER_APPICON_NAME = AppIcon;
				ASSETCATALOG_COMPILER_GLOBAL_ACCENT_COLOR_NAME = AccentColor;
				CODE_SIGN_STYLE = Automatic;
				CURRENT_PROJECT_VERSION = 1;
				DEVELOPMENT_TEAM = "";
				GENERATE_INFOPLIST_FILE = YES;
				INFOPLIST_FILE = EssentialApp/Info.plist;
				INFOPLIST_KEY_UIApplicationSupportsIndirectInputEvents = YES;
				INFOPLIST_KEY_UILaunchStoryboardName = LaunchScreen;
				INFOPLIST_KEY_UIMainStoryboardFile = Main;
				INFOPLIST_KEY_UISupportedInterfaceOrientations_iPad = "UIInterfaceOrientationPortrait UIInterfaceOrientationPortraitUpsideDown UIInterfaceOrientationLandscapeLeft UIInterfaceOrientationLandscapeRight";
				INFOPLIST_KEY_UISupportedInterfaceOrientations_iPhone = "UIInterfaceOrientationPortrait UIInterfaceOrientationLandscapeLeft UIInterfaceOrientationLandscapeRight";
				LD_RUNPATH_SEARCH_PATHS = (
					"$(inherited)",
					"@executable_path/Frameworks",
				);
				MARKETING_VERSION = 1.0;
				PRODUCT_BUNDLE_IDENTIFIER = com.EssentialApp;
				PRODUCT_NAME = "$(TARGET_NAME)";
				SWIFT_EMIT_LOC_STRINGS = YES;
				SWIFT_VERSION = 5.0;
				TARGETED_DEVICE_FAMILY = "1,2";
			};
			name = Debug;
		};
		452FCC3D2A33754800B2FA15 /* Release */ = {
			isa = XCBuildConfiguration;
			buildSettings = {
				ASSETCATALOG_COMPILER_APPICON_NAME = AppIcon;
				ASSETCATALOG_COMPILER_GLOBAL_ACCENT_COLOR_NAME = AccentColor;
				CODE_SIGN_STYLE = Automatic;
				CURRENT_PROJECT_VERSION = 1;
				DEVELOPMENT_TEAM = "";
				GENERATE_INFOPLIST_FILE = YES;
				INFOPLIST_FILE = EssentialApp/Info.plist;
				INFOPLIST_KEY_UIApplicationSupportsIndirectInputEvents = YES;
				INFOPLIST_KEY_UILaunchStoryboardName = LaunchScreen;
				INFOPLIST_KEY_UIMainStoryboardFile = Main;
				INFOPLIST_KEY_UISupportedInterfaceOrientations_iPad = "UIInterfaceOrientationPortrait UIInterfaceOrientationPortraitUpsideDown UIInterfaceOrientationLandscapeLeft UIInterfaceOrientationLandscapeRight";
				INFOPLIST_KEY_UISupportedInterfaceOrientations_iPhone = "UIInterfaceOrientationPortrait UIInterfaceOrientationLandscapeLeft UIInterfaceOrientationLandscapeRight";
				LD_RUNPATH_SEARCH_PATHS = (
					"$(inherited)",
					"@executable_path/Frameworks",
				);
				MARKETING_VERSION = 1.0;
				PRODUCT_BUNDLE_IDENTIFIER = com.EssentialApp;
				PRODUCT_NAME = "$(TARGET_NAME)";
				SWIFT_EMIT_LOC_STRINGS = YES;
				SWIFT_VERSION = 5.0;
				TARGETED_DEVICE_FAMILY = "1,2";
			};
			name = Release;
		};
		452FCC3F2A33754800B2FA15 /* Debug */ = {
			isa = XCBuildConfiguration;
			buildSettings = {
				ALWAYS_EMBED_SWIFT_STANDARD_LIBRARIES = YES;
				BUNDLE_LOADER = "$(TEST_HOST)";
				CODE_SIGN_STYLE = Automatic;
				CURRENT_PROJECT_VERSION = 1;
				DEVELOPMENT_TEAM = "";
				GENERATE_INFOPLIST_FILE = YES;
				IPHONEOS_DEPLOYMENT_TARGET = 16.2;
				MARKETING_VERSION = 1.0;
				PRODUCT_BUNDLE_IDENTIFIER = com.EssentialAppTests;
				PRODUCT_NAME = "$(TARGET_NAME)";
				SWIFT_EMIT_LOC_STRINGS = NO;
				SWIFT_VERSION = 5.0;
				TARGETED_DEVICE_FAMILY = "1,2";
				TEST_HOST = "$(BUILT_PRODUCTS_DIR)/EssentialApp.app/$(BUNDLE_EXECUTABLE_FOLDER_PATH)/EssentialApp";
			};
			name = Debug;
		};
		452FCC402A33754800B2FA15 /* Release */ = {
			isa = XCBuildConfiguration;
			buildSettings = {
				ALWAYS_EMBED_SWIFT_STANDARD_LIBRARIES = YES;
				BUNDLE_LOADER = "$(TEST_HOST)";
				CODE_SIGN_STYLE = Automatic;
				CURRENT_PROJECT_VERSION = 1;
				DEVELOPMENT_TEAM = "";
				GENERATE_INFOPLIST_FILE = YES;
				IPHONEOS_DEPLOYMENT_TARGET = 16.2;
				MARKETING_VERSION = 1.0;
				PRODUCT_BUNDLE_IDENTIFIER = com.EssentialAppTests;
				PRODUCT_NAME = "$(TARGET_NAME)";
				SWIFT_EMIT_LOC_STRINGS = NO;
				SWIFT_VERSION = 5.0;
				TARGETED_DEVICE_FAMILY = "1,2";
				TEST_HOST = "$(BUILT_PRODUCTS_DIR)/EssentialApp.app/$(BUNDLE_EXECUTABLE_FOLDER_PATH)/EssentialApp";
			};
			name = Release;
		};
/* End XCBuildConfiguration section */

/* Begin XCConfigurationList section */
		452FCC0C2A33754700B2FA15 /* Build configuration list for PBXProject "EssentialApp" */ = {
			isa = XCConfigurationList;
			buildConfigurations = (
				452FCC392A33754800B2FA15 /* Debug */,
				452FCC3A2A33754800B2FA15 /* Release */,
			);
			defaultConfigurationIsVisible = 0;
			defaultConfigurationName = Release;
		};
		452FCC3B2A33754800B2FA15 /* Build configuration list for PBXNativeTarget "EssentialApp" */ = {
			isa = XCConfigurationList;
			buildConfigurations = (
				452FCC3C2A33754800B2FA15 /* Debug */,
				452FCC3D2A33754800B2FA15 /* Release */,
			);
			defaultConfigurationIsVisible = 0;
			defaultConfigurationName = Release;
		};
		452FCC3E2A33754800B2FA15 /* Build configuration list for PBXNativeTarget "EssentialAppTests" */ = {
			isa = XCConfigurationList;
			buildConfigurations = (
				452FCC3F2A33754800B2FA15 /* Debug */,
				452FCC402A33754800B2FA15 /* Release */,
			);
			defaultConfigurationIsVisible = 0;
			defaultConfigurationName = Release;
		};
/* End XCConfigurationList section */
	};
	rootObject = 452FCC092A33754700B2FA15 /* Project object */;
}
